<?xml version="1.0" encoding="UTF-8"?>
<CodeBlocks_project_file>
	<FileVersion major="1" minor="6"/>
	<Project>
		<Option title="SuperAdvancePetsCLI"/>
		<Option makefile_is_custom="1"/>
		<Option compiler="gcc"/>
		<Option virtualFolders="CMake Files\;"/>
		<Build>
			<Target title="all">
				<Option working_dir="/home/abe/Development/SuperAdvancePets"/>
				<Option type="4"/>
				<MakeCommands>
					<Build command="/usr/bin/gmake -f &quot;/home/abe/Development/SuperAdvancePets/Makefile&quot;  VERBOSE=1 all"/>
					<CompileFile command="/usr/bin/gmake -f &quot;/home/abe/Development/SuperAdvancePets/Makefile&quot;  VERBOSE=1 &quot;$file&quot;"/>
					<Clean command="/usr/bin/gmake -f &quot;/home/abe/Development/SuperAdvancePets/Makefile&quot;  VERBOSE=1 clean"/>
					<DistClean command="/usr/bin/gmake -f &quot;/home/abe/Development/SuperAdvancePets/Makefile&quot;  VERBOSE=1 clean"/>
				</MakeCommands>
			</Target>
			<Target title="SuperAdvancePets">
				<Option output="/home/abe/Development/SuperAdvancePets/SuperAdvancePets" prefix_auto="0" extension_auto="0"/>
				<Option working_dir="/home/abe/Development/SuperAdvancePets"/>
				<Option object_output="./"/>
				<Option type="1"/>
				<Option compiler="gcc"/>
				<Compiler>
					<Add directory="/opt/devkitpro/libtonc/include"/>
					<Add directory="/opt/devkitpro/libgba/include"/>
				</Compiler>
				<MakeCommands>
					<Build command="/usr/bin/gmake -f &quot;/home/abe/Development/SuperAdvancePets/Makefile&quot;  VERBOSE=1 SuperAdvancePets"/>
					<CompileFile command="/usr/bin/gmake -f &quot;/home/abe/Development/SuperAdvancePets/Makefile&quot;  VERBOSE=1 &quot;$file&quot;"/>
					<Clean command="/usr/bin/gmake -f &quot;/home/abe/Development/SuperAdvancePets/Makefile&quot;  VERBOSE=1 clean"/>
					<DistClean command="/usr/bin/gmake -f &quot;/home/abe/Development/SuperAdvancePets/Makefile&quot;  VERBOSE=1 clean"/>
				</MakeCommands>
			</Target>
			<Target title="SuperAdvancePets/fast">
				<Option output="/home/abe/Development/SuperAdvancePets/SuperAdvancePets" prefix_auto="0" extension_auto="0"/>
				<Option working_dir="/home/abe/Development/SuperAdvancePets"/>
				<Option object_output="./"/>
				<Option type="1"/>
				<Option compiler="gcc"/>
				<Compiler>
					<Add directory="/opt/devkitpro/libtonc/include"/>
					<Add directory="/opt/devkitpro/libgba/include"/>
				</Compiler>
				<MakeCommands>
					<Build command="/usr/bin/gmake -f &quot;/home/abe/Development/SuperAdvancePets/Makefile&quot;  VERBOSE=1 SuperAdvancePets/fast"/>
					<CompileFile command="/usr/bin/gmake -f &quot;/home/abe/Development/SuperAdvancePets/Makefile&quot;  VERBOSE=1 &quot;$file&quot;"/>
					<Clean command="/usr/bin/gmake -f &quot;/home/abe/Development/SuperAdvancePets/Makefile&quot;  VERBOSE=1 clean"/>
					<DistClean command="/usr/bin/gmake -f &quot;/home/abe/Development/SuperAdvancePets/Makefile&quot;  VERBOSE=1 clean"/>
				</MakeCommands>
			</Target>
			<Target title="SuperAdvancePetsCLI">
				<Option output="/home/abe/Development/SuperAdvancePets/SuperAdvancePetsCLI" prefix_auto="0" extension_auto="0"/>
				<Option working_dir="/home/abe/Development/SuperAdvancePets"/>
				<Option object_output="./"/>
				<Option type="1"/>
				<Option compiler="gcc"/>
				<Compiler>
					<Add directory="/opt/devkitpro/libtonc/include"/>
					<Add directory="/opt/devkitpro/libgba/include"/>
				</Compiler>
				<MakeCommands>
					<Build command="/usr/bin/gmake -f &quot;/home/abe/Development/SuperAdvancePets/Makefile&quot;  VERBOSE=1 SuperAdvancePetsCLI"/>
					<CompileFile command="/usr/bin/gmake -f &quot;/home/abe/Development/SuperAdvancePets/Makefile&quot;  VERBOSE=1 &quot;$file&quot;"/>
					<Clean command="/usr/bin/gmake -f &quot;/home/abe/Development/SuperAdvancePets/Makefile&quot;  VERBOSE=1 clean"/>
					<DistClean command="/usr/bin/gmake -f &quot;/home/abe/Development/SuperAdvancePets/Makefile&quot;  VERBOSE=1 clean"/>
				</MakeCommands>
			</Target>
			<Target title="SuperAdvancePetsCLI/fast">
				<Option output="/home/abe/Development/SuperAdvancePets/SuperAdvancePetsCLI" prefix_auto="0" extension_auto="0"/>
				<Option working_dir="/home/abe/Development/SuperAdvancePets"/>
				<Option object_output="./"/>
				<Option type="1"/>
				<Option compiler="gcc"/>
				<Compiler>
					<Add directory="/opt/devkitpro/libtonc/include"/>
					<Add directory="/opt/devkitpro/libgba/include"/>
				</Compiler>
				<MakeCommands>
					<Build command="/usr/bin/gmake -f &quot;/home/abe/Development/SuperAdvancePets/Makefile&quot;  VERBOSE=1 SuperAdvancePetsCLI/fast"/>
					<CompileFile command="/usr/bin/gmake -f &quot;/home/abe/Development/SuperAdvancePets/Makefile&quot;  VERBOSE=1 &quot;$file&quot;"/>
					<Clean command="/usr/bin/gmake -f &quot;/home/abe/Development/SuperAdvancePets/Makefile&quot;  VERBOSE=1 clean"/>
					<DistClean command="/usr/bin/gmake -f &quot;/home/abe/Development/SuperAdvancePets/Makefile&quot;  VERBOSE=1 clean"/>
				</MakeCommands>
			</Target>
			<Target title="edit_cache">
				<Option working_dir="/home/abe/Development/SuperAdvancePets"/>
				<Option type="4"/>
				<MakeCommands>
					<Build command="/usr/bin/gmake -f &quot;/home/abe/Development/SuperAdvancePets/Makefile&quot;  VERBOSE=1 edit_cache"/>
					<CompileFile command="/usr/bin/gmake -f &quot;/home/abe/Development/SuperAdvancePets/Makefile&quot;  VERBOSE=1 &quot;$file&quot;"/>
					<Clean command="/usr/bin/gmake -f &quot;/home/abe/Development/SuperAdvancePets/Makefile&quot;  VERBOSE=1 clean"/>
					<DistClean command="/usr/bin/gmake -f &quot;/home/abe/Development/SuperAdvancePets/Makefile&quot;  VERBOSE=1 clean"/>
				</MakeCommands>
			</Target>
			<Target title="rebuild_cache">
				<Option working_dir="/home/abe/Development/SuperAdvancePets"/>
				<Option type="4"/>
				<MakeCommands>
					<Build command="/usr/bin/gmake -f &quot;/home/abe/Development/SuperAdvancePets/Makefile&quot;  VERBOSE=1 rebuild_cache"/>
					<CompileFile command="/usr/bin/gmake -f &quot;/home/abe/Development/SuperAdvancePets/Makefile&quot;  VERBOSE=1 &quot;$file&quot;"/>
					<Clean command="/usr/bin/gmake -f &quot;/home/abe/Development/SuperAdvancePets/Makefile&quot;  VERBOSE=1 clean"/>
					<DistClean command="/usr/bin/gmake -f &quot;/home/abe/Development/SuperAdvancePets/Makefile&quot;  VERBOSE=1 clean"/>
				</MakeCommands>
			</Target>
		</Build>
		<Unit filename="/home/abe/Development/SuperAdvancePets/cli.c">
			<Option target="SuperAdvancePetsCLI"/>
		</Unit>
		<Unit filename="/home/abe/Development/SuperAdvancePets/engine/battle.c">
			<Option target="SuperAdvancePets"/>
			<Option target="SuperAdvancePetsCLI"/>
		</Unit>
		<Unit filename="/home/abe/Development/SuperAdvancePets/engine/battle.h">
			<Option target="SuperAdvancePets"/>
			<Option target="SuperAdvancePetsCLI"/>
		</Unit>
		<Unit filename="/home/abe/Development/SuperAdvancePets/engine/food_impl/101_apple_impl.c">
			<Option target="SuperAdvancePetsCLI"/>
		</Unit>
		<Unit filename="/home/abe/Development/SuperAdvancePets/engine/food_impl/101_apple_impl.h">
			<Option target="SuperAdvancePetsCLI"/>
		</Unit>
		<Unit filename="/home/abe/Development/SuperAdvancePets/engine/food_impl/102_cannedFood_impl.c">
			<Option target="SuperAdvancePetsCLI"/>
		</Unit>
		<Unit filename="/home/abe/Development/SuperAdvancePets/engine/food_impl/102_cannedFood_impl.h">
			<Option target="SuperAdvancePetsCLI"/>
		</Unit>
		<Unit filename="/home/abe/Development/SuperAdvancePets/engine/food_impl/103_chili_impl.c">
			<Option target="SuperAdvancePetsCLI"/>
		</Unit>
		<Unit filename="/home/abe/Development/SuperAdvancePets/engine/food_impl/103_chili_impl.h">
			<Option target="SuperAdvancePetsCLI"/>
		</Unit>
		<Unit filename="/home/abe/Development/SuperAdvancePets/engine/food_impl/104_chocolate_impl.c">
			<Option target="SuperAdvancePetsCLI"/>
		</Unit>
		<Unit filename="/home/abe/Development/SuperAdvancePets/engine/food_impl/104_chocolate_impl.h">
			<Option target="SuperAdvancePetsCLI"/>
		</Unit>
		<Unit filename="/home/abe/Development/SuperAdvancePets/engine/food_impl/105_cupcake_impl.c">
			<Option target="SuperAdvancePetsCLI"/>
		</Unit>
		<Unit filename="/home/abe/Development/SuperAdvancePets/engine/food_impl/105_cupcake_impl.h">
			<Option target="SuperAdvancePetsCLI"/>
		</Unit>
		<Unit filename="/home/abe/Development/SuperAdvancePets/engine/food_impl/106_garlic_impl.c">
			<Option target="SuperAdvancePetsCLI"/>
		</Unit>
		<Unit filename="/home/abe/Development/SuperAdvancePets/engine/food_impl/106_garlic_impl.h">
			<Option target="SuperAdvancePetsCLI"/>
		</Unit>
		<Unit filename="/home/abe/Development/SuperAdvancePets/engine/food_impl/107_honey_impl.c">
			<Option target="SuperAdvancePetsCLI"/>
		</Unit>
		<Unit filename="/home/abe/Development/SuperAdvancePets/engine/food_impl/107_honey_impl.h">
			<Option target="SuperAdvancePetsCLI"/>
		</Unit>
		<Unit filename="/home/abe/Development/SuperAdvancePets/engine/food_impl/108_meatBone_impl.c">
			<Option target="SuperAdvancePetsCLI"/>
		</Unit>
		<Unit filename="/home/abe/Development/SuperAdvancePets/engine/food_impl/108_meatBone_impl.h">
			<Option target="SuperAdvancePetsCLI"/>
		</Unit>
		<Unit filename="/home/abe/Development/SuperAdvancePets/engine/food_impl/109_melon_impl.c">
			<Option target="SuperAdvancePetsCLI"/>
		</Unit>
		<Unit filename="/home/abe/Development/SuperAdvancePets/engine/food_impl/109_melon_impl.h">
			<Option target="SuperAdvancePetsCLI"/>
		</Unit>
		<Unit filename="/home/abe/Development/SuperAdvancePets/engine/food_impl/110_milk_impl.c">
			<Option target="SuperAdvancePetsCLI"/>
		</Unit>
		<Unit filename="/home/abe/Development/SuperAdvancePets/engine/food_impl/110_milk_impl.h">
			<Option target="SuperAdvancePetsCLI"/>
		</Unit>
		<Unit filename="/home/abe/Development/SuperAdvancePets/engine/food_impl/111_mushroom_impl.c">
			<Option target="SuperAdvancePetsCLI"/>
		</Unit>
		<Unit filename="/home/abe/Development/SuperAdvancePets/engine/food_impl/111_mushroom_impl.h">
			<Option target="SuperAdvancePetsCLI"/>
		</Unit>
		<Unit filename="/home/abe/Development/SuperAdvancePets/engine/food_impl/112_pear_impl.c">
			<Option target="SuperAdvancePetsCLI"/>
		</Unit>
		<Unit filename="/home/abe/Development/SuperAdvancePets/engine/food_impl/112_pear_impl.h">
			<Option target="SuperAdvancePetsCLI"/>
		</Unit>
		<Unit filename="/home/abe/Development/SuperAdvancePets/engine/food_impl/113_pizza_impl.c">
			<Option target="SuperAdvancePetsCLI"/>
		</Unit>
		<Unit filename="/home/abe/Development/SuperAdvancePets/engine/food_impl/113_pizza_impl.h">
			<Option target="SuperAdvancePetsCLI"/>
		</Unit>
		<Unit filename="/home/abe/Development/SuperAdvancePets/engine/food_impl/114_saladBowl_impl.c">
			<Option target="SuperAdvancePetsCLI"/>
		</Unit>
		<Unit filename="/home/abe/Development/SuperAdvancePets/engine/food_impl/114_saladBowl_impl.h">
			<Option target="SuperAdvancePetsCLI"/>
		</Unit>
		<Unit filename="/home/abe/Development/SuperAdvancePets/engine/food_impl/115_sleepingPill_impl.c">
			<Option target="SuperAdvancePetsCLI"/>
		</Unit>
		<Unit filename="/home/abe/Development/SuperAdvancePets/engine/food_impl/115_sleepingPill_impl.h">
			<Option target="SuperAdvancePetsCLI"/>
		</Unit>
		<Unit filename="/home/abe/Development/SuperAdvancePets/engine/food_impl/116_steak_impl.c">
			<Option target="SuperAdvancePetsCLI"/>
		</Unit>
		<Unit filename="/home/abe/Development/SuperAdvancePets/engine/food_impl/116_steak_impl.h">
			<Option target="SuperAdvancePetsCLI"/>
		</Unit>
		<Unit filename="/home/abe/Development/SuperAdvancePets/engine/food_impl/117_sushi_impl.c">
			<Option target="SuperAdvancePetsCLI"/>
		</Unit>
		<Unit filename="/home/abe/Development/SuperAdvancePets/engine/food_impl/117_sushi_impl.h">
			<Option target="SuperAdvancePetsCLI"/>
		</Unit>
		<Unit filename="/home/abe/Development/SuperAdvancePets/engine/food_impl/118_peanuts_impl.c">
			<Option target="SuperAdvancePetsCLI"/>
		</Unit>
		<Unit filename="/home/abe/Development/SuperAdvancePets/engine/food_impl/118_peanuts_impl.h">
			<Option target="SuperAdvancePetsCLI"/>
		</Unit>
		<Unit filename="/home/abe/Development/SuperAdvancePets/engine/globals.c">
			<Option target="SuperAdvancePets"/>
			<Option target="SuperAdvancePetsCLI"/>
		</Unit>
		<Unit filename="/home/abe/Development/SuperAdvancePets/engine/globals.h">
			<Option target="SuperAdvancePets"/>
			<Option target="SuperAdvancePetsCLI"/>
		</Unit>
		<Unit filename="/home/abe/Development/SuperAdvancePets/engine/impl.h">
			<Option target="SuperAdvancePets"/>
			<Option target="SuperAdvancePetsCLI"/>
		</Unit>
		<Unit filename="/home/abe/Development/SuperAdvancePets/engine/pet_data.c">
			<Option target="SuperAdvancePets"/>
			<Option target="SuperAdvancePetsCLI"/>
		</Unit>
		<Unit filename="/home/abe/Development/SuperAdvancePets/engine/pet_impl/10_cat_impl.h">
			<Option target="SuperAdvancePetsCLI"/>
		</Unit>
		<Unit filename="/home/abe/Development/SuperAdvancePets/engine/pet_impl/11_chick_impl.h">
			<Option target="SuperAdvancePetsCLI"/>
		</Unit>
		<Unit filename="/home/abe/Development/SuperAdvancePets/engine/pet_impl/12_cow_impl.c">
			<Option target="SuperAdvancePetsCLI"/>
		</Unit>
		<Unit filename="/home/abe/Development/SuperAdvancePets/engine/pet_impl/12_cow_impl.h">
			<Option target="SuperAdvancePetsCLI"/>
		</Unit>
		<Unit filename="/home/abe/Development/SuperAdvancePets/engine/pet_impl/13_crab_impl.c">
			<Option target="SuperAdvancePetsCLI"/>
		</Unit>
		<Unit filename="/home/abe/Development/SuperAdvancePets/engine/pet_impl/13_crab_impl.h">
			<Option target="SuperAdvancePetsCLI"/>
		</Unit>
		<Unit filename="/home/abe/Development/SuperAdvancePets/engine/pet_impl/14_cricket_impl.c">
			<Option target="SuperAdvancePetsCLI"/>
		</Unit>
		<Unit filename="/home/abe/Development/SuperAdvancePets/engine/pet_impl/14_cricket_impl.h">
			<Option target="SuperAdvancePetsCLI"/>
		</Unit>
		<Unit filename="/home/abe/Development/SuperAdvancePets/engine/pet_impl/15_crocodile_impl.c">
			<Option target="SuperAdvancePetsCLI"/>
		</Unit>
		<Unit filename="/home/abe/Development/SuperAdvancePets/engine/pet_impl/15_crocodile_impl.h">
			<Option target="SuperAdvancePetsCLI"/>
		</Unit>
		<Unit filename="/home/abe/Development/SuperAdvancePets/engine/pet_impl/16_deer_impl.c">
			<Option target="SuperAdvancePetsCLI"/>
		</Unit>
		<Unit filename="/home/abe/Development/SuperAdvancePets/engine/pet_impl/16_deer_impl.h">
			<Option target="SuperAdvancePetsCLI"/>
		</Unit>
		<Unit filename="/home/abe/Development/SuperAdvancePets/engine/pet_impl/17_dirtyRat_impl.h">
			<Option target="SuperAdvancePetsCLI"/>
		</Unit>
		<Unit filename="/home/abe/Development/SuperAdvancePets/engine/pet_impl/18_dodo_impl.c">
			<Option target="SuperAdvancePetsCLI"/>
		</Unit>
		<Unit filename="/home/abe/Development/SuperAdvancePets/engine/pet_impl/18_dodo_impl.h">
			<Option target="SuperAdvancePetsCLI"/>
		</Unit>
		<Unit filename="/home/abe/Development/SuperAdvancePets/engine/pet_impl/19_dog_impl.c">
			<Option target="SuperAdvancePetsCLI"/>
		</Unit>
		<Unit filename="/home/abe/Development/SuperAdvancePets/engine/pet_impl/19_dog_impl.h">
			<Option target="SuperAdvancePetsCLI"/>
		</Unit>
		<Unit filename="/home/abe/Development/SuperAdvancePets/engine/pet_impl/1_ant_impl.c">
			<Option target="SuperAdvancePetsCLI"/>
		</Unit>
		<Unit filename="/home/abe/Development/SuperAdvancePets/engine/pet_impl/1_ant_impl.h">
			<Option target="SuperAdvancePetsCLI"/>
		</Unit>
		<Unit filename="/home/abe/Development/SuperAdvancePets/engine/pet_impl/20_dolphin_impl.c">
			<Option target="SuperAdvancePetsCLI"/>
		</Unit>
		<Unit filename="/home/abe/Development/SuperAdvancePets/engine/pet_impl/20_dolphin_impl.h">
			<Option target="SuperAdvancePetsCLI"/>
		</Unit>
		<Unit filename="/home/abe/Development/SuperAdvancePets/engine/pet_impl/21_dragon_impl.c">
			<Option target="SuperAdvancePetsCLI"/>
		</Unit>
		<Unit filename="/home/abe/Development/SuperAdvancePets/engine/pet_impl/21_dragon_impl.h">
			<Option target="SuperAdvancePetsCLI"/>
		</Unit>
		<Unit filename="/home/abe/Development/SuperAdvancePets/engine/pet_impl/22_duck_impl.c">
			<Option target="SuperAdvancePetsCLI"/>
		</Unit>
		<Unit filename="/home/abe/Development/SuperAdvancePets/engine/pet_impl/22_duck_impl.h">
			<Option target="SuperAdvancePetsCLI"/>
		</Unit>
		<Unit filename="/home/abe/Development/SuperAdvancePets/engine/pet_impl/23_elephant_impl.c">
			<Option target="SuperAdvancePetsCLI"/>
		</Unit>
		<Unit filename="/home/abe/Development/SuperAdvancePets/engine/pet_impl/23_elephant_impl.h">
			<Option target="SuperAdvancePetsCLI"/>
		</Unit>
		<Unit filename="/home/abe/Development/SuperAdvancePets/engine/pet_impl/24_fish_impl.c">
			<Option target="SuperAdvancePetsCLI"/>
		</Unit>
		<Unit filename="/home/abe/Development/SuperAdvancePets/engine/pet_impl/24_fish_impl.h">
			<Option target="SuperAdvancePetsCLI"/>
		</Unit>
		<Unit filename="/home/abe/Development/SuperAdvancePets/engine/pet_impl/25_flamingo_impl.c">
			<Option target="SuperAdvancePetsCLI"/>
		</Unit>
		<Unit filename="/home/abe/Development/SuperAdvancePets/engine/pet_impl/25_flamingo_impl.h">
			<Option target="SuperAdvancePetsCLI"/>
		</Unit>
		<Unit filename="/home/abe/Development/SuperAdvancePets/engine/pet_impl/26_fly_impl.c">
			<Option target="SuperAdvancePetsCLI"/>
		</Unit>
		<Unit filename="/home/abe/Development/SuperAdvancePets/engine/pet_impl/26_fly_impl.h">
			<Option target="SuperAdvancePetsCLI"/>
		</Unit>
		<Unit filename="/home/abe/Development/SuperAdvancePets/engine/pet_impl/27_giraffe_impl.c">
			<Option target="SuperAdvancePetsCLI"/>
		</Unit>
		<Unit filename="/home/abe/Development/SuperAdvancePets/engine/pet_impl/27_giraffe_impl.h">
			<Option target="SuperAdvancePetsCLI"/>
		</Unit>
		<Unit filename="/home/abe/Development/SuperAdvancePets/engine/pet_impl/28_gorilla_impl.c">
			<Option target="SuperAdvancePetsCLI"/>
		</Unit>
		<Unit filename="/home/abe/Development/SuperAdvancePets/engine/pet_impl/28_gorilla_impl.h">
			<Option target="SuperAdvancePetsCLI"/>
		</Unit>
		<Unit filename="/home/abe/Development/SuperAdvancePets/engine/pet_impl/29_hedgehog_impl.c">
			<Option target="SuperAdvancePetsCLI"/>
		</Unit>
		<Unit filename="/home/abe/Development/SuperAdvancePets/engine/pet_impl/29_hedgehog_impl.h">
			<Option target="SuperAdvancePetsCLI"/>
		</Unit>
		<Unit filename="/home/abe/Development/SuperAdvancePets/engine/pet_impl/2_badger_impl.c">
			<Option target="SuperAdvancePetsCLI"/>
		</Unit>
		<Unit filename="/home/abe/Development/SuperAdvancePets/engine/pet_impl/2_badger_impl.h">
			<Option target="SuperAdvancePetsCLI"/>
		</Unit>
		<Unit filename="/home/abe/Development/SuperAdvancePets/engine/pet_impl/30_hippo_impl.c">
			<Option target="SuperAdvancePetsCLI"/>
		</Unit>
		<Unit filename="/home/abe/Development/SuperAdvancePets/engine/pet_impl/30_hippo_impl.h">
			<Option target="SuperAdvancePetsCLI"/>
		</Unit>
		<Unit filename="/home/abe/Development/SuperAdvancePets/engine/pet_impl/31_horse_impl.c">
			<Option target="SuperAdvancePetsCLI"/>
		</Unit>
		<Unit filename="/home/abe/Development/SuperAdvancePets/engine/pet_impl/31_horse_impl.h">
			<Option target="SuperAdvancePetsCLI"/>
		</Unit>
		<Unit filename="/home/abe/Development/SuperAdvancePets/engine/pet_impl/32_kangaroo_impl.c">
			<Option target="SuperAdvancePetsCLI"/>
		</Unit>
		<Unit filename="/home/abe/Development/SuperAdvancePets/engine/pet_impl/32_kangaroo_impl.h">
			<Option target="SuperAdvancePetsCLI"/>
		</Unit>
		<Unit filename="/home/abe/Development/SuperAdvancePets/engine/pet_impl/33_leopard_impl.c">
			<Option target="SuperAdvancePetsCLI"/>
		</Unit>
		<Unit filename="/home/abe/Development/SuperAdvancePets/engine/pet_impl/33_leopard_impl.h">
			<Option target="SuperAdvancePetsCLI"/>
		</Unit>
		<Unit filename="/home/abe/Development/SuperAdvancePets/engine/pet_impl/34_mammoth_impl.c">
			<Option target="SuperAdvancePetsCLI"/>
		</Unit>
		<Unit filename="/home/abe/Development/SuperAdvancePets/engine/pet_impl/34_mammoth_impl.h">
			<Option target="SuperAdvancePetsCLI"/>
		</Unit>
		<Unit filename="/home/abe/Development/SuperAdvancePets/engine/pet_impl/35_monkey_impl.c">
			<Option target="SuperAdvancePetsCLI"/>
		</Unit>
		<Unit filename="/home/abe/Development/SuperAdvancePets/engine/pet_impl/35_monkey_impl.h">
			<Option target="SuperAdvancePetsCLI"/>
		</Unit>
		<Unit filename="/home/abe/Development/SuperAdvancePets/engine/pet_impl/36_mosquito_impl.c">
			<Option target="SuperAdvancePetsCLI"/>
		</Unit>
		<Unit filename="/home/abe/Development/SuperAdvancePets/engine/pet_impl/36_mosquito_impl.h">
			<Option target="SuperAdvancePetsCLI"/>
		</Unit>
		<Unit filename="/home/abe/Development/SuperAdvancePets/engine/pet_impl/37_otter_impl.c">
			<Option target="SuperAdvancePetsCLI"/>
		</Unit>
		<Unit filename="/home/abe/Development/SuperAdvancePets/engine/pet_impl/37_otter_impl.h">
			<Option target="SuperAdvancePetsCLI"/>
		</Unit>
		<Unit filename="/home/abe/Development/SuperAdvancePets/engine/pet_impl/38_ox_impl.c">
			<Option target="SuperAdvancePetsCLI"/>
		</Unit>
		<Unit filename="/home/abe/Development/SuperAdvancePets/engine/pet_impl/38_ox_impl.h">
			<Option target="SuperAdvancePetsCLI"/>
		</Unit>
		<Unit filename="/home/abe/Development/SuperAdvancePets/engine/pet_impl/39_parrot_impl.c">
			<Option target="SuperAdvancePetsCLI"/>
		</Unit>
		<Unit filename="/home/abe/Development/SuperAdvancePets/engine/pet_impl/39_parrot_impl.h">
			<Option target="SuperAdvancePetsCLI"/>
		</Unit>
		<Unit filename="/home/abe/Development/SuperAdvancePets/engine/pet_impl/3_beaver_impl.c">
			<Option target="SuperAdvancePetsCLI"/>
		</Unit>
		<Unit filename="/home/abe/Development/SuperAdvancePets/engine/pet_impl/3_beaver_impl.h">
			<Option target="SuperAdvancePetsCLI"/>
		</Unit>
		<Unit filename="/home/abe/Development/SuperAdvancePets/engine/pet_impl/40_peacock_impl.c">
			<Option target="SuperAdvancePetsCLI"/>
		</Unit>
		<Unit filename="/home/abe/Development/SuperAdvancePets/engine/pet_impl/40_peacock_impl.h">
			<Option target="SuperAdvancePetsCLI"/>
		</Unit>
		<Unit filename="/home/abe/Development/SuperAdvancePets/engine/pet_impl/41_penguin_impl.c">
			<Option target="SuperAdvancePetsCLI"/>
		</Unit>
		<Unit filename="/home/abe/Development/SuperAdvancePets/engine/pet_impl/41_penguin_impl.h">
			<Option target="SuperAdvancePetsCLI"/>
		</Unit>
		<Unit filename="/home/abe/Development/SuperAdvancePets/engine/pet_impl/42_pig_impl.c">
			<Option target="SuperAdvancePetsCLI"/>
		</Unit>
		<Unit filename="/home/abe/Development/SuperAdvancePets/engine/pet_impl/42_pig_impl.h">
			<Option target="SuperAdvancePetsCLI"/>
		</Unit>
		<Unit filename="/home/abe/Development/SuperAdvancePets/engine/pet_impl/43_rabbit_impl.c">
			<Option target="SuperAdvancePetsCLI"/>
		</Unit>
		<Unit filename="/home/abe/Development/SuperAdvancePets/engine/pet_impl/43_rabbit_impl.h">
			<Option target="SuperAdvancePetsCLI"/>
		</Unit>
		<Unit filename="/home/abe/Development/SuperAdvancePets/engine/pet_impl/44_ram_impl.h">
			<Option target="SuperAdvancePetsCLI"/>
		</Unit>
		<Unit filename="/home/abe/Development/SuperAdvancePets/engine/pet_impl/45_rat_impl.c">
			<Option target="SuperAdvancePetsCLI"/>
		</Unit>
		<Unit filename="/home/abe/Development/SuperAdvancePets/engine/pet_impl/45_rat_impl.h">
			<Option target="SuperAdvancePetsCLI"/>
		</Unit>
		<Unit filename="/home/abe/Development/SuperAdvancePets/engine/pet_impl/46_rhino_impl.c">
			<Option target="SuperAdvancePetsCLI"/>
		</Unit>
		<Unit filename="/home/abe/Development/SuperAdvancePets/engine/pet_impl/46_rhino_impl.h">
			<Option target="SuperAdvancePetsCLI"/>
		</Unit>
		<Unit filename="/home/abe/Development/SuperAdvancePets/engine/pet_impl/47_rooster_impl.c">
			<Option target="SuperAdvancePetsCLI"/>
		</Unit>
		<Unit filename="/home/abe/Development/SuperAdvancePets/engine/pet_impl/47_rooster_impl.h">
			<Option target="SuperAdvancePetsCLI"/>
		</Unit>
		<Unit filename="/home/abe/Development/SuperAdvancePets/engine/pet_impl/48_scorpion_impl.h">
			<Option target="SuperAdvancePetsCLI"/>
		</Unit>
		<Unit filename="/home/abe/Development/SuperAdvancePets/engine/pet_impl/49_seal_impl.c">
			<Option target="SuperAdvancePetsCLI"/>
		</Unit>
		<Unit filename="/home/abe/Development/SuperAdvancePets/engine/pet_impl/49_seal_impl.h">
			<Option target="SuperAdvancePetsCLI"/>
		</Unit>
		<Unit filename="/home/abe/Development/SuperAdvancePets/engine/pet_impl/4_bee_impl.h">
			<Option target="SuperAdvancePetsCLI"/>
		</Unit>
		<Unit filename="/home/abe/Development/SuperAdvancePets/engine/pet_impl/50_shark_impl.c">
			<Option target="SuperAdvancePetsCLI"/>
		</Unit>
		<Unit filename="/home/abe/Development/SuperAdvancePets/engine/pet_impl/50_shark_impl.h">
			<Option target="SuperAdvancePetsCLI"/>
		</Unit>
		<Unit filename="/home/abe/Development/SuperAdvancePets/engine/pet_impl/51_sheep_impl.c">
			<Option target="SuperAdvancePetsCLI"/>
		</Unit>
		<Unit filename="/home/abe/Development/SuperAdvancePets/engine/pet_impl/51_sheep_impl.h">
			<Option target="SuperAdvancePetsCLI"/>
		</Unit>
		<Unit filename="/home/abe/Development/SuperAdvancePets/engine/pet_impl/52_shrimp_impl.c">
			<Option target="SuperAdvancePetsCLI"/>
		</Unit>
		<Unit filename="/home/abe/Development/SuperAdvancePets/engine/pet_impl/52_shrimp_impl.h">
			<Option target="SuperAdvancePetsCLI"/>
		</Unit>
		<Unit filename="/home/abe/Development/SuperAdvancePets/engine/pet_impl/53_skunk_impl.c">
			<Option target="SuperAdvancePetsCLI"/>
		</Unit>
		<Unit filename="/home/abe/Development/SuperAdvancePets/engine/pet_impl/53_skunk_impl.h">
			<Option target="SuperAdvancePetsCLI"/>
		</Unit>
		<Unit filename="/home/abe/Development/SuperAdvancePets/engine/pet_impl/54_sloth_impl.h">
			<Option target="SuperAdvancePetsCLI"/>
		</Unit>
		<Unit filename="/home/abe/Development/SuperAdvancePets/engine/pet_impl/55_snail_impl.c">
			<Option target="SuperAdvancePetsCLI"/>
		</Unit>
		<Unit filename="/home/abe/Development/SuperAdvancePets/engine/pet_impl/55_snail_impl.h">
			<Option target="SuperAdvancePetsCLI"/>
		</Unit>
		<Unit filename="/home/abe/Development/SuperAdvancePets/engine/pet_impl/56_snake_impl.c">
			<Option target="SuperAdvancePetsCLI"/>
		</Unit>
		<Unit filename="/home/abe/Development/SuperAdvancePets/engine/pet_impl/56_snake_impl.h">
			<Option target="SuperAdvancePetsCLI"/>
		</Unit>
		<Unit filename="/home/abe/Development/SuperAdvancePets/engine/pet_impl/57_spider_impl.c">
			<Option target="SuperAdvancePetsCLI"/>
		</Unit>
		<Unit filename="/home/abe/Development/SuperAdvancePets/engine/pet_impl/57_spider_impl.h">
			<Option target="SuperAdvancePetsCLI"/>
		</Unit>
		<Unit filename="/home/abe/Development/SuperAdvancePets/engine/pet_impl/58_squirrel_impl.c">
			<Option target="SuperAdvancePetsCLI"/>
		</Unit>
		<Unit filename="/home/abe/Development/SuperAdvancePets/engine/pet_impl/58_squirrel_impl.h">
			<Option target="SuperAdvancePetsCLI"/>
		</Unit>
		<Unit filename="/home/abe/Development/SuperAdvancePets/engine/pet_impl/59_swan_impl.c">
			<Option target="SuperAdvancePetsCLI"/>
		</Unit>
		<Unit filename="/home/abe/Development/SuperAdvancePets/engine/pet_impl/59_swan_impl.h">
			<Option target="SuperAdvancePetsCLI"/>
		</Unit>
		<Unit filename="/home/abe/Development/SuperAdvancePets/engine/pet_impl/5_bison_impl.c">
			<Option target="SuperAdvancePetsCLI"/>
		</Unit>
		<Unit filename="/home/abe/Development/SuperAdvancePets/engine/pet_impl/5_bison_impl.h">
			<Option target="SuperAdvancePetsCLI"/>
		</Unit>
		<Unit filename="/home/abe/Development/SuperAdvancePets/engine/pet_impl/60_tiger_impl.c">
			<Option target="SuperAdvancePetsCLI"/>
		</Unit>
		<Unit filename="/home/abe/Development/SuperAdvancePets/engine/pet_impl/60_tiger_impl.h">
			<Option target="SuperAdvancePetsCLI"/>
		</Unit>
		<Unit filename="/home/abe/Development/SuperAdvancePets/engine/pet_impl/61_turkey_impl.c">
			<Option target="SuperAdvancePetsCLI"/>
		</Unit>
		<Unit filename="/home/abe/Development/SuperAdvancePets/engine/pet_impl/61_turkey_impl.h">
			<Option target="SuperAdvancePetsCLI"/>
		</Unit>
		<Unit filename="/home/abe/Development/SuperAdvancePets/engine/pet_impl/62_turtle_impl.c">
			<Option target="SuperAdvancePetsCLI"/>
		</Unit>
		<Unit filename="/home/abe/Development/SuperAdvancePets/engine/pet_impl/62_turtle_impl.h">
			<Option target="SuperAdvancePetsCLI"/>
		</Unit>
		<Unit filename="/home/abe/Development/SuperAdvancePets/engine/pet_impl/63_whale_impl.c">
			<Option target="SuperAdvancePetsCLI"/>
		</Unit>
		<Unit filename="/home/abe/Development/SuperAdvancePets/engine/pet_impl/63_whale_impl.h">
			<Option target="SuperAdvancePetsCLI"/>
		</Unit>
		<Unit filename="/home/abe/Development/SuperAdvancePets/engine/pet_impl/64_worm_impl.c">
			<Option target="SuperAdvancePetsCLI"/>
		</Unit>
		<Unit filename="/home/abe/Development/SuperAdvancePets/engine/pet_impl/64_worm_impl.h">
			<Option target="SuperAdvancePetsCLI"/>
		</Unit>
		<Unit filename="/home/abe/Development/SuperAdvancePets/engine/pet_impl/65_zombieCricket_impl.h">
			<Option target="SuperAdvancePetsCLI"/>
		</Unit>
		<Unit filename="/home/abe/Development/SuperAdvancePets/engine/pet_impl/66_zombieFly_impl.h">
			<Option target="SuperAdvancePetsCLI"/>
		</Unit>
		<Unit filename="/home/abe/Development/SuperAdvancePets/engine/pet_impl/6_blowfish_impl.c">
			<Option target="SuperAdvancePetsCLI"/>
		</Unit>
		<Unit filename="/home/abe/Development/SuperAdvancePets/engine/pet_impl/6_blowfish_impl.h">
			<Option target="SuperAdvancePetsCLI"/>
		</Unit>
		<Unit filename="/home/abe/Development/SuperAdvancePets/engine/pet_impl/7_boar_impl.c">
			<Option target="SuperAdvancePetsCLI"/>
		</Unit>
		<Unit filename="/home/abe/Development/SuperAdvancePets/engine/pet_impl/7_boar_impl.h">
			<Option target="SuperAdvancePetsCLI"/>
		</Unit>
		<Unit filename="/home/abe/Development/SuperAdvancePets/engine/pet_impl/8_bus_impl.h">
			<Option target="SuperAdvancePetsCLI"/>
		</Unit>
		<Unit filename="/home/abe/Development/SuperAdvancePets/engine/pet_impl/9_camel_impl.c">
			<Option target="SuperAdvancePetsCLI"/>
		</Unit>
		<Unit filename="/home/abe/Development/SuperAdvancePets/engine/pet_impl/9_camel_impl.h">
			<Option target="SuperAdvancePetsCLI"/>
		</Unit>
		<Unit filename="/home/abe/Development/SuperAdvancePets/engine/pets.h">
			<Option target="SuperAdvancePets"/>
			<Option target="SuperAdvancePetsCLI"/>
		</Unit>
		<Unit filename="/home/abe/Development/SuperAdvancePets/engine/triggers.c">
			<Option target="SuperAdvancePets"/>
			<Option target="SuperAdvancePetsCLI"/>
		</Unit>
		<Unit filename="/home/abe/Development/SuperAdvancePets/engine/triggers.h">
			<Option target="SuperAdvancePets"/>
			<Option target="SuperAdvancePetsCLI"/>
		</Unit>
		<Unit filename="/home/abe/Development/SuperAdvancePets/src/animations.h">
			<Option target="SuperAdvancePetsCLI"/>
		</Unit>
		<Unit filename="/home/abe/Development/SuperAdvancePets/src/mem_manager_enums.h">
			<Option target="SuperAdvancePets"/>
		</Unit>
		<Unit filename="/home/abe/Development/SuperAdvancePets/src/music.c">
			<Option target="SuperAdvancePets"/>
		</Unit>
		<Unit filename="/home/abe/Development/SuperAdvancePets/src/music.h">
			<Option target="SuperAdvancePets"/>
		</Unit>
		<Unit filename="/home/abe/Development/SuperAdvancePets/src/sap.c">
			<Option target="SuperAdvancePets"/>
		</Unit>
		<Unit filename="/home/abe/Development/SuperAdvancePets/src/scene_store.c">
			<Option target="SuperAdvancePets"/>
		</Unit>
		<Unit filename="/home/abe/Development/SuperAdvancePets/src/scene_store.h">
			<Option target="SuperAdvancePets"/>
		</Unit>
		<Unit filename="/home/abe/Development/SuperAdvancePets/src/tick.c">
			<Option target="SuperAdvancePets"/>
		</Unit>
		<Unit filename="/home/abe/Development/SuperAdvancePets/src/tick.h">
			<Option target="SuperAdvancePets"/>
		</Unit>
		<Unit filename="/home/abe/Development/SuperAdvancePets/stubs/animations.c">
			<Option target="SuperAdvancePetsCLI"/>
		</Unit>
		<Unit filename="/opt/devkitpro/libtonc/include/tonc.h">
			<Option target="SuperAdvancePets"/>
		</Unit>
		<Unit filename="/home/abe/Development/SuperAdvancePets/CMakeLists.txt">
			<Option virtualFolder="CMake Files\"/>
		</Unit>
	</Project>
</CodeBlocks_project_file>
