<?xml version="1.0" encoding="UTF-8"?>
<CodeBlocks_project_file>
	<FileVersion major="1" minor="6"/>
	<Project>
		<Option title="SuperAdvancePetsCLI"/>
		<Option makefile_is_custom="1"/>
		<Option compiler="gcc"/>
		<Option virtualFolders="CMake Files\;"/>
		<Build>
			<Target title="all">
				<Option working_dir="/home/abe/Development/SuperAdvancePets"/>
				<Option type="4"/>
				<MakeCommands>
					<Build command="/usr/bin/gmake -f &quot;/home/abe/Development/SuperAdvancePets/Makefile&quot;  VERBOSE=1 all"/>
					<CompileFile command="/usr/bin/gmake -f &quot;/home/abe/Development/SuperAdvancePets/Makefile&quot;  VERBOSE=1 &quot;$file&quot;"/>
					<Clean command="/usr/bin/gmake -f &quot;/home/abe/Development/SuperAdvancePets/Makefile&quot;  VERBOSE=1 clean"/>
					<DistClean command="/usr/bin/gmake -f &quot;/home/abe/Development/SuperAdvancePets/Makefile&quot;  VERBOSE=1 clean"/>
				</MakeCommands>
			</Target>
			<Target title="SuperAdvancePets">
				<Option output="/home/abe/Development/SuperAdvancePets/SuperAdvancePets" prefix_auto="0" extension_auto="0"/>
				<Option working_dir="/home/abe/Development/SuperAdvancePets"/>
				<Option object_output="./"/>
				<Option type="1"/>
				<Option compiler="gcc"/>
				<Compiler>
					<Add directory="/opt/devkitpro/libtonc/include"/>
					<Add directory="/opt/devkitpro/libgba/include"/>
				</Compiler>
				<MakeCommands>
					<Build command="/usr/bin/gmake -f &quot;/home/abe/Development/SuperAdvancePets/Makefile&quot;  VERBOSE=1 SuperAdvancePets"/>
					<CompileFile command="/usr/bin/gmake -f &quot;/home/abe/Development/SuperAdvancePets/Makefile&quot;  VERBOSE=1 &quot;$file&quot;"/>
					<Clean command="/usr/bin/gmake -f &quot;/home/abe/Development/SuperAdvancePets/Makefile&quot;  VERBOSE=1 clean"/>
					<DistClean command="/usr/bin/gmake -f &quot;/home/abe/Development/SuperAdvancePets/Makefile&quot;  VERBOSE=1 clean"/>
				</MakeCommands>
			</Target>
			<Target title="SuperAdvancePets/fast">
				<Option output="/home/abe/Development/SuperAdvancePets/SuperAdvancePets" prefix_auto="0" extension_auto="0"/>
				<Option working_dir="/home/abe/Development/SuperAdvancePets"/>
				<Option object_output="./"/>
				<Option type="1"/>
				<Option compiler="gcc"/>
				<Compiler>
					<Add directory="/opt/devkitpro/libtonc/include"/>
					<Add directory="/opt/devkitpro/libgba/include"/>
				</Compiler>
				<MakeCommands>
					<Build command="/usr/bin/gmake -f &quot;/home/abe/Development/SuperAdvancePets/Makefile&quot;  VERBOSE=1 SuperAdvancePets/fast"/>
					<CompileFile command="/usr/bin/gmake -f &quot;/home/abe/Development/SuperAdvancePets/Makefile&quot;  VERBOSE=1 &quot;$file&quot;"/>
					<Clean command="/usr/bin/gmake -f &quot;/home/abe/Development/SuperAdvancePets/Makefile&quot;  VERBOSE=1 clean"/>
					<DistClean command="/usr/bin/gmake -f &quot;/home/abe/Development/SuperAdvancePets/Makefile&quot;  VERBOSE=1 clean"/>
				</MakeCommands>
			</Target>
			<Target title="SuperAdvancePetsCLI">
				<Option output="/home/abe/Development/SuperAdvancePets/SuperAdvancePetsCLI" prefix_auto="0" extension_auto="0"/>
				<Option working_dir="/home/abe/Development/SuperAdvancePets"/>
				<Option object_output="./"/>
				<Option type="1"/>
				<Option compiler="gcc"/>
				<Compiler>
					<Add directory="/opt/devkitpro/libtonc/include"/>
					<Add directory="/opt/devkitpro/libgba/include"/>
				</Compiler>
				<MakeCommands>
					<Build command="/usr/bin/gmake -f &quot;/home/abe/Development/SuperAdvancePets/Makefile&quot;  VERBOSE=1 SuperAdvancePetsCLI"/>
					<CompileFile command="/usr/bin/gmake -f &quot;/home/abe/Development/SuperAdvancePets/Makefile&quot;  VERBOSE=1 &quot;$file&quot;"/>
					<Clean command="/usr/bin/gmake -f &quot;/home/abe/Development/SuperAdvancePets/Makefile&quot;  VERBOSE=1 clean"/>
					<DistClean command="/usr/bin/gmake -f &quot;/home/abe/Development/SuperAdvancePets/Makefile&quot;  VERBOSE=1 clean"/>
				</MakeCommands>
			</Target>
			<Target title="SuperAdvancePetsCLI/fast">
				<Option output="/home/abe/Development/SuperAdvancePets/SuperAdvancePetsCLI" prefix_auto="0" extension_auto="0"/>
				<Option working_dir="/home/abe/Development/SuperAdvancePets"/>
				<Option object_output="./"/>
				<Option type="1"/>
				<Option compiler="gcc"/>
				<Compiler>
					<Add directory="/opt/devkitpro/libtonc/include"/>
					<Add directory="/opt/devkitpro/libgba/include"/>
				</Compiler>
				<MakeCommands>
					<Build command="/usr/bin/gmake -f &quot;/home/abe/Development/SuperAdvancePets/Makefile&quot;  VERBOSE=1 SuperAdvancePetsCLI/fast"/>
					<CompileFile command="/usr/bin/gmake -f &quot;/home/abe/Development/SuperAdvancePets/Makefile&quot;  VERBOSE=1 &quot;$file&quot;"/>
					<Clean command="/usr/bin/gmake -f &quot;/home/abe/Development/SuperAdvancePets/Makefile&quot;  VERBOSE=1 clean"/>
					<DistClean command="/usr/bin/gmake -f &quot;/home/abe/Development/SuperAdvancePets/Makefile&quot;  VERBOSE=1 clean"/>
				</MakeCommands>
			</Target>
			<Target title="edit_cache">
				<Option working_dir="/home/abe/Development/SuperAdvancePets"/>
				<Option type="4"/>
				<MakeCommands>
					<Build command="/usr/bin/gmake -f &quot;/home/abe/Development/SuperAdvancePets/Makefile&quot;  VERBOSE=1 edit_cache"/>
					<CompileFile command="/usr/bin/gmake -f &quot;/home/abe/Development/SuperAdvancePets/Makefile&quot;  VERBOSE=1 &quot;$file&quot;"/>
					<Clean command="/usr/bin/gmake -f &quot;/home/abe/Development/SuperAdvancePets/Makefile&quot;  VERBOSE=1 clean"/>
					<DistClean command="/usr/bin/gmake -f &quot;/home/abe/Development/SuperAdvancePets/Makefile&quot;  VERBOSE=1 clean"/>
				</MakeCommands>
			</Target>
			<Target title="rebuild_cache">
				<Option working_dir="/home/abe/Development/SuperAdvancePets"/>
				<Option type="4"/>
				<MakeCommands>
					<Build command="/usr/bin/gmake -f &quot;/home/abe/Development/SuperAdvancePets/Makefile&quot;  VERBOSE=1 rebuild_cache"/>
					<CompileFile command="/usr/bin/gmake -f &quot;/home/abe/Development/SuperAdvancePets/Makefile&quot;  VERBOSE=1 &quot;$file&quot;"/>
					<Clean command="/usr/bin/gmake -f &quot;/home/abe/Development/SuperAdvancePets/Makefile&quot;  VERBOSE=1 clean"/>
					<DistClean command="/usr/bin/gmake -f &quot;/home/abe/Development/SuperAdvancePets/Makefile&quot;  VERBOSE=1 clean"/>
				</MakeCommands>
			</Target>
		</Build>
		<Unit filename="/home/abe/Development/SuperAdvancePets/cli.c">
			<Option target="SuperAdvancePetsCLI"/>
		</Unit>
		<Unit filename="/home/abe/Development/SuperAdvancePets/engine/battle.c">
			<Option target="SuperAdvancePets"/>
			<Option target="SuperAdvancePetsCLI"/>
		</Unit>
		<Unit filename="/home/abe/Development/SuperAdvancePets/engine/battle.h">
			<Option target="SuperAdvancePets"/>
			<Option target="SuperAdvancePetsCLI"/>
		</Unit>
		<Unit filename="/home/abe/Development/SuperAdvancePets/engine/food_impl/101_apple_impl.c">
			<Option target="SuperAdvancePetsCLI"/>
		</Unit>
		<Unit filename="/home/abe/Development/SuperAdvancePets/engine/food_impl/101_apple_impl.h">
			<Option target="SuperAdvancePetsCLI"/>
		</Unit>
		<Unit filename="/home/abe/Development/SuperAdvancePets/engine/food_impl/102_cannedFood_impl.c">
			<Option target="SuperAdvancePetsCLI"/>
		</Unit>
		<Unit filename="/home/abe/Development/SuperAdvancePets/engine/food_impl/102_cannedFood_impl.h">
			<Option target="SuperAdvancePetsCLI"/>
		</Unit>
		<Unit filename="/home/abe/Development/SuperAdvancePets/engine/food_impl/103_chili_impl.c">
			<Option target="SuperAdvancePetsCLI"/>
		</Unit>
		<Unit filename="/home/abe/Development/SuperAdvancePets/engine/food_impl/103_chili_impl.h">
			<Option target="SuperAdvancePetsCLI"/>
		</Unit>
		<Unit filename="/home/abe/Development/SuperAdvancePets/engine/food_impl/104_chocolate_impl.c">
			<Option target="SuperAdvancePetsCLI"/>
		</Unit>
		<Unit filename="/home/abe/Development/SuperAdvancePets/engine/food_impl/104_chocolate_impl.h">
			<Option target="SuperAdvancePetsCLI"/>
		</Unit>
		<Unit filename="/home/abe/Development/SuperAdvancePets/engine/food_impl/105_cupcake_impl.c">
			<Option target="SuperAdvancePetsCLI"/>
		</Unit>
		<Unit filename="/home/abe/Development/SuperAdvancePets/engine/food_impl/105_cupcake_impl.h">
			<Option target="SuperAdvancePetsCLI"/>
		</Unit>
		<Unit filename="/home/abe/Development/SuperAdvancePets/engine/food_impl/106_garlic_impl.c">
			<Option target="SuperAdvancePetsCLI"/>
		</Unit>
		<Unit filename="/home/abe/Development/SuperAdvancePets/engine/food_impl/106_garlic_impl.h">
			<Option target="SuperAdvancePetsCLI"/>
		</Unit>
		<Unit filename="/home/abe/Development/SuperAdvancePets/engine/food_impl/107_honey_impl.c">
			<Option target="SuperAdvancePetsCLI"/>
		</Unit>
		<Unit filename="/home/abe/Development/SuperAdvancePets/engine/food_impl/107_honey_impl.h">
			<Option target="SuperAdvancePetsCLI"/>
		</Unit>
		<Unit filename="/home/abe/Development/SuperAdvancePets/engine/food_impl/108_meatBone_impl.c">
			<Option target="SuperAdvancePetsCLI"/>
		</Unit>
		<Unit filename="/home/abe/Development/SuperAdvancePets/engine/food_impl/108_meatBone_impl.h">
			<Option target="SuperAdvancePetsCLI"/>
		</Unit>
		<Unit filename="/home/abe/Development/SuperAdvancePets/engine/food_impl/109_melon_impl.c">
			<Option target="SuperAdvancePetsCLI"/>
		</Unit>
		<Unit filename="/home/abe/Development/SuperAdvancePets/engine/food_impl/109_melon_impl.h">
			<Option target="SuperAdvancePetsCLI"/>
		</Unit>
		<Unit filename="/home/abe/Development/SuperAdvancePets/engine/food_impl/110_milk_impl.c">
			<Option target="SuperAdvancePetsCLI"/>
		</Unit>
		<Unit filename="/home/abe/Development/SuperAdvancePets/engine/food_impl/110_milk_impl.h">
			<Option target="SuperAdvancePetsCLI"/>
		</Unit>
		<Unit filename="/home/abe/Development/SuperAdvancePets/engine/food_impl/111_mushroom_impl.c">
			<Option target="SuperAdvancePetsCLI"/>
		</Unit>
		<Unit filename="/home/abe/Development/SuperAdvancePets/engine/food_impl/111_mushroom_impl.h">
			<Option target="SuperAdvancePetsCLI"/>
		</Unit>
		<Unit filename="/home/abe/Development/SuperAdvancePets/engine/food_impl/112_pear_impl.c">
			<Option target="SuperAdvancePetsCLI"/>
		</Unit>
		<Unit filename="/home/abe/Development/SuperAdvancePets/engine/food_impl/112_pear_impl.h">
			<Option target="SuperAdvancePetsCLI"/>
		</Unit>
		<Unit filename="/home/abe/Development/SuperAdvancePets/engine/food_impl/113_pizza_impl.c">
			<Option target="SuperAdvancePetsCLI"/>
		</Unit>
		<Unit filename="/home/abe/Development/SuperAdvancePets/engine/food_impl/113_pizza_impl.h">
			<Option target="SuperAdvancePetsCLI"/>
		</Unit>
		<Unit filename="/home/abe/Development/SuperAdvancePets/engine/food_impl/114_saladBowl_impl.c">
			<Option target="SuperAdvancePetsCLI"/>
		</Unit>
		<Unit filename="/home/abe/Development/SuperAdvancePets/engine/food_impl/114_saladBowl_impl.h">
			<Option target="SuperAdvancePetsCLI"/>
		</Unit>
		<Unit filename="/home/abe/Development/SuperAdvancePets/engine/food_impl/115_sleepingPill_impl.c">
			<Option target="SuperAdvancePetsCLI"/>
		</Unit>
		<Unit filename="/home/abe/Development/SuperAdvancePets/engine/food_impl/115_sleepingPill_impl.h">
			<Option target="SuperAdvancePetsCLI"/>
		</Unit>
		<Unit filename="/home/abe/Development/SuperAdvancePets/engine/food_impl/116_steak_impl.c">
			<Option target="SuperAdvancePetsCLI"/>
		</Unit>
		<Unit filename="/home/abe/Development/SuperAdvancePets/engine/food_impl/116_steak_impl.h">
			<Option target="SuperAdvancePetsCLI"/>
		</Unit>
		<Unit filename="/home/abe/Development/SuperAdvancePets/engine/food_impl/117_sushi_impl.c">
			<Option target="SuperAdvancePetsCLI"/>
		</Unit>
		<Unit filename="/home/abe/Development/SuperAdvancePets/engine/food_impl/117_sushi_impl.h">
			<Option target="SuperAdvancePetsCLI"/>
		</Unit>
		<Unit filename="/home/abe/Development/SuperAdvancePets/engine/globals.c">
			<Option target="SuperAdvancePets"/>
			<Option target="SuperAdvancePetsCLI"/>
		</Unit>
		<Unit filename="/home/abe/Development/SuperAdvancePets/engine/globals.h">
			<Option target="SuperAdvancePets"/>
			<Option target="SuperAdvancePetsCLI"/>
		</Unit>
		<Unit filename="/home/abe/Development/SuperAdvancePets/engine/impl.h">
			<Option target="SuperAdvancePets"/>
			<Option target="SuperAdvancePetsCLI"/>
		</Unit>
		<Unit filename="/home/abe/Development/SuperAdvancePets/engine/pet_data.c">
			<Option target="SuperAdvancePets"/>
			<Option target="SuperAdvancePetsCLI"/>
		</Unit>
		<Unit filename="/home/abe/Development/SuperAdvancePets/engine/pet_impl/10_cat_impl.h">
			<Option target="SuperAdvancePetsCLI"/>
		</Unit>
		<Unit filename="/home/abe/Development/SuperAdvancePets/engine/pet_impl/11_chick_impl.h">
			<Option target="SuperAdvancePetsCLI"/>
		</Unit>
		<Unit filename="/home/abe/Development/SuperAdvancePets/engine/pet_impl/12_cow_impl.c">
			<Option target="SuperAdvancePetsCLI"/>
		</Unit>
		<Unit filename="/home/abe/Development/SuperAdvancePets/engine/pet_impl/12_cow_impl.h">
			<Option target="SuperAdvancePetsCLI"/>
		</Unit>
		<Unit filename="/home/abe/Development/SuperAdvancePets/engine/pet_impl/13_crab_impl.c">
			<Option target="SuperAdvancePetsCLI"/>
		</Unit>
		<Unit filename="/home/abe/Development/SuperAdvancePets/engine/pet_impl/13_crab_impl.h">
			<Option target="SuperAdvancePetsCLI"/>
		</Unit>
		<Unit filename="/home/abe/Development/SuperAdvancePets/engine/pet_impl/14_cricket_impl.c">
			<Option target="SuperAdvancePetsCLI"/>
		</Unit>
		<Unit filename="/home/abe/Development/SuperAdvancePets/engine/pet_impl/14_cricket_impl.h">
			<Option target="SuperAdvancePetsCLI"/>
		</Unit>
		<Unit filename="/home/abe/Development/SuperAdvancePets/engine/pet_impl/15_crocodile_impl.c">
			<Option target="SuperAdvancePetsCLI"/>
		</Unit>
		<Unit filename="/home/abe/Development/SuperAdvancePets/engine/pet_impl/15_crocodile_impl.h">
			<Option target="SuperAdvancePetsCLI"/>
		</Unit>
		<Unit filename="/home/abe/Development/SuperAdvancePets/engine/pet_impl/16_deer_impl.c">
			<Option target="SuperAdvancePetsCLI"/>
		</Unit>
		<Unit filename="/home/abe/Development/SuperAdvancePets/engine/pet_impl/16_deer_impl.h">
			<Option target="SuperAdvancePetsCLI"/>
		</Unit>
		<Unit filename="/home/abe/Development/SuperAdvancePets/engine/pet_impl/17_dirtyRat_impl.h">
			<Option target="SuperAdvancePetsCLI"/>
		</Unit>
		<Unit filename="/home/abe/Development/SuperAdvancePets/engine/pet_impl/18_dodo_impl.c">
			<Option target="SuperAdvancePetsCLI"/>
		</Unit>
		<Unit filename="/home/abe/Development/SuperAdvancePets/engine/pet_impl/18_dodo_impl.h">
			<Option target="SuperAdvancePetsCLI"/>
		</Unit>
		<Unit filename="/home/abe/Development/SuperAdvancePets/engine/pet_impl/19_dog_impl.c">
			<Option target="SuperAdvancePetsCLI"/>
		</Unit>
		<Unit filename="/home/abe/Development/SuperAdvancePets/engine/pet_impl/19_dog_impl.h">
			<Option target="SuperAdvancePetsCLI"/>
		</Unit>
		<Unit filename="/home/abe/Development/SuperAdvancePets/engine/pet_impl/1_ant_impl.c">
			<Option target="SuperAdvancePetsCLI"/>
		</Unit>
		<Unit filename="/home/abe/Development/SuperAdvancePets/engine/pet_impl/1_ant_impl.h">
			<Option target="SuperAdvancePetsCLI"/>
		</Unit>
		<Unit filename="/home/abe/Development/SuperAdvancePets/engine/pet_impl/20_dolphin_impl.c">
			<Option target="SuperAdvancePetsCLI"/>
		</Unit>
		<Unit filename="/home/abe/Development/SuperAdvancePets/engine/pet_impl/20_dolphin_impl.h">
			<Option target="SuperAdvancePetsCLI"/>
		</Unit>
		<Unit filename="/home/abe/Development/SuperAdvancePets/engine/pet_impl/21_dragon_impl.c">
			<Option target="SuperAdvancePetsCLI"/>
		</Unit>
		<Unit filename="/home/abe/Development/SuperAdvancePets/engine/pet_impl/21_dragon_impl.h">
			<Option target="SuperAdvancePetsCLI"/>
		</Unit>
		<Unit filename="/home/abe/Development/SuperAdvancePets/engine/pet_impl/22_duck_impl.c">
			<Option target="SuperAdvancePetsCLI"/>
		</Unit>
		<Unit filename="/home/abe/Development/SuperAdvancePets/engine/pet_impl/22_duck_impl.h">
			<Option target="SuperAdvancePetsCLI"/>
		</Unit>
		<Unit filename="/home/abe/Development/SuperAdvancePets/engine/pet_impl/23_elephant_impl.c">
			<Option target="SuperAdvancePetsCLI"/>
		</Unit>
		<Unit filename="/home/abe/Development/SuperAdvancePets/engine/pet_impl/23_elephant_impl.h">
			<Option target="SuperAdvancePetsCLI"/>
		</Unit>
		<Unit filename="/home/abe/Development/SuperAdvancePets/engine/pet_impl/24_fish_impl.c">
			<Option target="SuperAdvancePetsCLI"/>
		</Unit>
		<Unit filename="/home/abe/Development/SuperAdvancePets/engine/pet_impl/24_fish_impl.h">
			<Option target="SuperAdvancePetsCLI"/>
		</Unit>
		<Unit filename="/home/abe/Development/SuperAdvancePets/engine/pet_impl/25_flamingo_impl.c">
			<Option target="SuperAdvancePetsCLI"/>
		</Unit>
		<Unit filename="/home/abe/Development/SuperAdvancePets/engine/pet_impl/25_flamingo_impl.h">
			<Option target="SuperAdvancePetsCLI"/>
		</Unit>
		<Unit filename="/home/abe/Development/SuperAdvancePets/engine/pet_impl/26_fly_impl.c">
			<Option target="SuperAdvancePetsCLI"/>
		</Unit>
		<Unit filename="/home/abe/Development/SuperAdvancePets/engine/pet_impl/26_fly_impl.h">
			<Option target="SuperAdvancePetsCLI"/>
		</Unit>
		<Unit filename="/home/abe/Development/SuperAdvancePets/engine/pet_impl/27_giraffe_impl.c">
			<Option target="SuperAdvancePetsCLI"/>
		</Unit>
		<Unit filename="/home/abe/Development/SuperAdvancePets/engine/pet_impl/27_giraffe_impl.h">
			<Option target="SuperAdvancePetsCLI"/>
		</Unit>
		<Unit filename="/home/abe/Development/SuperAdvancePets/engine/pet_impl/28_gorilla_impl.c">
			<Option target="SuperAdvancePetsCLI"/>
		</Unit>
		<Unit filename="/home/abe/Development/SuperAdvancePets/engine/pet_impl/28_gorilla_impl.h">
			<Option target="SuperAdvancePetsCLI"/>
		</Unit>
		<Unit filename="/home/abe/Development/SuperAdvancePets/engine/pet_impl/29_hedgehog_impl.c">
			<Option target="SuperAdvancePetsCLI"/>
		</Unit>
		<Unit filename="/home/abe/Development/SuperAdvancePets/engine/pet_impl/29_hedgehog_impl.h">
			<Option target="SuperAdvancePetsCLI"/>
		</Unit>
		<Unit filename="/home/abe/Development/SuperAdvancePets/engine/pet_impl/2_badger_impl.c">
			<Option target="SuperAdvancePetsCLI"/>
		</Unit>
		<Unit filename="/home/abe/Development/SuperAdvancePets/engine/pet_impl/2_badger_impl.h">
			<Option target="SuperAdvancePetsCLI"/>
		</Unit>
		<Unit filename="/home/abe/Development/SuperAdvancePets/engine/pet_impl/30_hippo_impl.c">
			<Option target="SuperAdvancePetsCLI"/>
		</Unit>
		<Unit filename="/home/abe/Development/SuperAdvancePets/engine/pet_impl/30_hippo_impl.h">
			<Option target="SuperAdvancePetsCLI"/>
		</Unit>
		<Unit filename="/home/abe/Development/SuperAdvancePets/engine/pet_impl/31_horse_impl.c">
			<Option target="SuperAdvancePetsCLI"/>
		</Unit>
		<Unit filename="/home/abe/Development/SuperAdvancePets/engine/pet_impl/31_horse_impl.h">
			<Option target="SuperAdvancePetsCLI"/>
		</Unit>
		<Unit filename="/home/abe/Development/SuperAdvancePets/engine/pet_impl/32_kangaroo_impl.c">
			<Option target="SuperAdvancePetsCLI"/>
		</Unit>
		<Unit filename="/home/abe/Development/SuperAdvancePets/engine/pet_impl/32_kangaroo_impl.h">
			<Option target="SuperAdvancePetsCLI"/>
		</Unit>
		<Unit filename="/home/abe/Development/SuperAdvancePets/engine/pet_impl/33_leopard_impl.c">
			<Option target="SuperAdvancePetsCLI"/>
		</Unit>
		<Unit filename="/home/abe/Development/SuperAdvancePets/engine/pet_impl/33_leopard_impl.h">
			<Option target="SuperAdvancePetsCLI"/>
		</Unit>
		<Unit filename="/home/abe/Development/SuperAdvancePets/engine/pet_impl/34_mammoth_impl.c">
			<Option target="SuperAdvancePetsCLI"/>
		</Unit>
		<Unit filename="/home/abe/Development/SuperAdvancePets/engine/pet_impl/34_mammoth_impl.h">
			<Option target="SuperAdvancePetsCLI"/>
		</Unit>
		<Unit filename="/home/abe/Development/SuperAdvancePets/engine/pet_impl/35_monkey_impl.c">
			<Option target="SuperAdvancePetsCLI"/>
		</Unit>
		<Unit filename="/home/abe/Development/SuperAdvancePets/engine/pet_impl/35_monkey_impl.h">
			<Option target="SuperAdvancePetsCLI"/>
		</Unit>
		<Unit filename="/home/abe/Development/SuperAdvancePets/engine/pet_impl/36_mosquito_impl.c">
			<Option target="SuperAdvancePetsCLI"/>
		</Unit>
		<Unit filename="/home/abe/Development/SuperAdvancePets/engine/pet_impl/36_mosquito_impl.h">
			<Option target="SuperAdvancePetsCLI"/>
		</Unit>
		<Unit filename="/home/abe/Development/SuperAdvancePets/engine/pet_impl/37_otter_impl.c">
			<Option target="SuperAdvancePetsCLI"/>
		</Unit>
		<Unit filename="/home/abe/Development/SuperAdvancePets/engine/pet_impl/37_otter_impl.h">
			<Option target="SuperAdvancePetsCLI"/>
		</Unit>
		<Unit filename="/home/abe/Development/SuperAdvancePets/engine/pet_impl/38_ox_impl.c">
			<Option target="SuperAdvancePetsCLI"/>
		</Unit>
		<Unit filename="/home/abe/Development/SuperAdvancePets/engine/pet_impl/38_ox_impl.h">
			<Option target="SuperAdvancePetsCLI"/>
		</Unit>
		<Unit filename="/home/abe/Development/SuperAdvancePets/engine/pet_impl/39_parrot_impl.c">
			<Option target="SuperAdvancePetsCLI"/>
		</Unit>
		<Unit filename="/home/abe/Development/SuperAdvancePets/engine/pet_impl/39_parrot_impl.h">
			<Option target="SuperAdvancePetsCLI"/>
		</Unit>
		<Unit filename="/home/abe/Development/SuperAdvancePets/engine/pet_impl/3_beaver_impl.c">
			<Option target="SuperAdvancePetsCLI"/>
		</Unit>
		<Unit filename="/home/abe/Development/SuperAdvancePets/engine/pet_impl/3_beaver_impl.h">
			<Option target="SuperAdvancePetsCLI"/>
		</Unit>
		<Unit filename="/home/abe/Development/SuperAdvancePets/engine/pet_impl/40_peacock_impl.c">
			<Option target="SuperAdvancePetsCLI"/>
		</Unit>
		<Unit filename="/home/abe/Development/SuperAdvancePets/engine/pet_impl/40_peacock_impl.h">
			<Option target="SuperAdvancePetsCLI"/>
		</Unit>
		<Unit filename="/home/abe/Development/SuperAdvancePets/engine/pet_impl/41_penguin_impl.c">
			<Option target="SuperAdvancePetsCLI"/>
		</Unit>
		<Unit filename="/home/abe/Development/SuperAdvancePets/engine/pet_impl/41_penguin_impl.h">
			<Option target="SuperAdvancePetsCLI"/>
		</Unit>
		<Unit filename="/home/abe/Development/SuperAdvancePets/engine/pet_impl/42_pig_impl.c">
			<Option target="SuperAdvancePetsCLI"/>
		</Unit>
		<Unit filename="/home/abe/Development/SuperAdvancePets/engine/pet_impl/42_pig_impl.h">
			<Option target="SuperAdvancePetsCLI"/>
		</Unit>
		<Unit filename="/home/abe/Development/SuperAdvancePets/engine/pet_impl/43_rabbit_impl.c">
			<Option target="SuperAdvancePetsCLI"/>
		</Unit>
		<Unit filename="/home/abe/Development/SuperAdvancePets/engine/pet_impl/43_rabbit_impl.h">
			<Option target="SuperAdvancePetsCLI"/>
		</Unit>
		<Unit filename="/home/abe/Development/SuperAdvancePets/engine/pet_impl/44_ram_impl.c">
			<Option target="SuperAdvancePetsCLI"/>
		</Unit>
		<Unit filename="/home/abe/Development/SuperAdvancePets/engine/pet_impl/44_ram_impl.h">
			<Option target="SuperAdvancePetsCLI"/>
		</Unit>
		<Unit filename="/home/abe/Development/SuperAdvancePets/engine/pet_impl/45_rat_impl.c">
			<Option target="SuperAdvancePetsCLI"/>
		</Unit>
		<Unit filename="/home/abe/Development/SuperAdvancePets/engine/pet_impl/45_rat_impl.h">
			<Option target="SuperAdvancePetsCLI"/>
		</Unit>
		<Unit filename="/home/abe/Development/SuperAdvancePets/engine/pet_impl/46_rhino_impl.c">
			<Option target="SuperAdvancePetsCLI"/>
		</Unit>
		<Unit filename="/home/abe/Development/SuperAdvancePets/engine/pet_impl/46_rhino_impl.h">
			<Option target="SuperAdvancePetsCLI"/>
		</Unit>
		<Unit filename="/home/abe/Development/SuperAdvancePets/engine/pet_impl/47_rooster_impl.c">
			<Option target="SuperAdvancePetsCLI"/>
		</Unit>
		<Unit filename="/home/abe/Development/SuperAdvancePets/engine/pet_impl/47_rooster_impl.h">
			<Option target="SuperAdvancePetsCLI"/>
		</Unit>
		<Unit filename="/home/abe/Development/SuperAdvancePets/engine/pet_impl/48_scorpion_impl.c">
			<Option target="SuperAdvancePetsCLI"/>
		</Unit>
		<Unit filename="/home/abe/Development/SuperAdvancePets/engine/pet_impl/48_scorpion_impl.h">
			<Option target="SuperAdvancePetsCLI"/>
		</Unit>
		<Unit filename="/home/abe/Development/SuperAdvancePets/engine/pet_impl/49_seal_impl.c">
			<Option target="SuperAdvancePetsCLI"/>
		</Unit>
		<Unit filename="/home/abe/Development/SuperAdvancePets/engine/pet_impl/49_seal_impl.h">
			<Option target="SuperAdvancePetsCLI"/>
		</Unit>
		<Unit filename="/home/abe/Development/SuperAdvancePets/engine/pet_impl/4_bee_impl.h">
			<Option target="SuperAdvancePetsCLI"/>
		</Unit>
		<Unit filename="/home/abe/Development/SuperAdvancePets/engine/pet_impl/50_shark_impl.c">
			<Option target="SuperAdvancePetsCLI"/>
		</Unit>
		<Unit filename="/home/abe/Development/SuperAdvancePets/engine/pet_impl/50_shark_impl.h">
			<Option target="SuperAdvancePetsCLI"/>
		</Unit>
		<Unit filename="/home/abe/Development/SuperAdvancePets/engine/pet_impl/51_sheep_impl.c">
			<Option target="SuperAdvancePetsCLI"/>
		</Unit>
		<Unit filename="/home/abe/Development/SuperAdvancePets/engine/pet_impl/51_sheep_impl.h">
			<Option target="SuperAdvancePetsCLI"/>
		</Unit>
		<Unit filename="/home/abe/Development/SuperAdvancePets/engine/pet_impl/52_shrimp_impl.c">
			<Option target="SuperAdvancePetsCLI"/>
		</Unit>
		<Unit filename="/home/abe/Development/SuperAdvancePets/engine/pet_impl/52_shrimp_impl.h">
			<Option target="SuperAdvancePetsCLI"/>
		</Unit>
		<Unit filename="/home/abe/Development/SuperAdvancePets/engine/pet_impl/53_skunk_impl.c">
			<Option target="SuperAdvancePetsCLI"/>
		</Unit>
		<Unit filename="/home/abe/Development/SuperAdvancePets/engine/pet_impl/53_skunk_impl.h">
			<Option target="SuperAdvancePetsCLI"/>
		</Unit>
		<Unit filename="/home/abe/Development/SuperAdvancePets/engine/pet_impl/54_sloth_impl.c">
			<Option target="SuperAdvancePetsCLI"/>
		</Unit>
		<Unit filename="/home/abe/Development/SuperAdvancePets/engine/pet_impl/54_sloth_impl.h">
			<Option target="SuperAdvancePetsCLI"/>
		</Unit>
		<Unit filename="/home/abe/Development/SuperAdvancePets/engine/pet_impl/55_snail_impl.c">
			<Option target="SuperAdvancePetsCLI"/>
		</Unit>
		<Unit filename="/home/abe/Development/SuperAdvancePets/engine/pet_impl/55_snail_impl.h">
			<Option target="SuperAdvancePetsCLI"/>
		</Unit>
		<Unit filename="/home/abe/Development/SuperAdvancePets/engine/pet_impl/56_snake_impl.c">
			<Option target="SuperAdvancePetsCLI"/>
		</Unit>
		<Unit filename="/home/abe/Development/SuperAdvancePets/engine/pet_impl/56_snake_impl.h">
			<Option target="SuperAdvancePetsCLI"/>
		</Unit>
		<Unit filename="/home/abe/Development/SuperAdvancePets/engine/pet_impl/57_spider_impl.c">
			<Option target="SuperAdvancePetsCLI"/>
		</Unit>
		<Unit filename="/home/abe/Development/SuperAdvancePets/engine/pet_impl/57_spider_impl.h">
			<Option target="SuperAdvancePetsCLI"/>
		</Unit>
		<Unit filename="/home/abe/Development/SuperAdvancePets/engine/pet_impl/58_squirrel_impl.c">
			<Option target="SuperAdvancePetsCLI"/>
		</Unit>
		<Unit filename="/home/abe/Development/SuperAdvancePets/engine/pet_impl/58_squirrel_impl.h">
			<Option target="SuperAdvancePetsCLI"/>
		</Unit>
		<Unit filename="/home/abe/Development/SuperAdvancePets/engine/pet_impl/59_swan_impl.c">
			<Option target="SuperAdvancePetsCLI"/>
		</Unit>
		<Unit filename="/home/abe/Development/SuperAdvancePets/engine/pet_impl/59_swan_impl.h">
			<Option target="SuperAdvancePetsCLI"/>
		</Unit>
		<Unit filename="/home/abe/Development/SuperAdvancePets/engine/pet_impl/5_bison_impl.c">
			<Option target="SuperAdvancePetsCLI"/>
		</Unit>
		<Unit filename="/home/abe/Development/SuperAdvancePets/engine/pet_impl/5_bison_impl.h">
			<Option target="SuperAdvancePetsCLI"/>
		</Unit>
		<Unit filename="/home/abe/Development/SuperAdvancePets/engine/pet_impl/60_tiger_impl.c">
			<Option target="SuperAdvancePetsCLI"/>
		</Unit>
		<Unit filename="/home/abe/Development/SuperAdvancePets/engine/pet_impl/60_tiger_impl.h">
			<Option target="SuperAdvancePetsCLI"/>
		</Unit>
		<Unit filename="/home/abe/Development/SuperAdvancePets/engine/pet_impl/61_turkey_impl.c">
			<Option target="SuperAdvancePetsCLI"/>
		</Unit>
		<Unit filename="/home/abe/Development/SuperAdvancePets/engine/pet_impl/61_turkey_impl.h">
			<Option target="SuperAdvancePetsCLI"/>
		</Unit>
		<Unit filename="/home/abe/Development/SuperAdvancePets/engine/pet_impl/62_turtle_impl.c">
			<Option target="SuperAdvancePetsCLI"/>
		</Unit>
		<Unit filename="/home/abe/Development/SuperAdvancePets/engine/pet_impl/62_turtle_impl.h">
			<Option target="SuperAdvancePetsCLI"/>
		</Unit>
		<Unit filename="/home/abe/Development/SuperAdvancePets/engine/pet_impl/63_whale_impl.c">
			<Option target="SuperAdvancePetsCLI"/>
		</Unit>
		<Unit filename="/home/abe/Development/SuperAdvancePets/engine/pet_impl/63_whale_impl.h">
			<Option target="SuperAdvancePetsCLI"/>
		</Unit>
		<Unit filename="/home/abe/Development/SuperAdvancePets/engine/pet_impl/64_worm_impl.c">
			<Option target="SuperAdvancePetsCLI"/>
		</Unit>
		<Unit filename="/home/abe/Development/SuperAdvancePets/engine/pet_impl/64_worm_impl.h">
			<Option target="SuperAdvancePetsCLI"/>
		</Unit>
		<Unit filename="/home/abe/Development/SuperAdvancePets/engine/pet_impl/65_zombieCricket_impl.c">
			<Option target="SuperAdvancePetsCLI"/>
		</Unit>
		<Unit filename="/home/abe/Development/SuperAdvancePets/engine/pet_impl/65_zombieCricket_impl.h">
			<Option target="SuperAdvancePetsCLI"/>
		</Unit>
		<Unit filename="/home/abe/Development/SuperAdvancePets/engine/pet_impl/66_zombieFly_impl.c">
			<Option target="SuperAdvancePetsCLI"/>
		</Unit>
		<Unit filename="/home/abe/Development/SuperAdvancePets/engine/pet_impl/66_zombieFly_impl.h">
			<Option target="SuperAdvancePetsCLI"/>
		</Unit>
		<Unit filename="/home/abe/Development/SuperAdvancePets/engine/pet_impl/6_blowfish_impl.c">
			<Option target="SuperAdvancePetsCLI"/>
		</Unit>
		<Unit filename="/home/abe/Development/SuperAdvancePets/engine/pet_impl/6_blowfish_impl.h">
			<Option target="SuperAdvancePetsCLI"/>
		</Unit>
		<Unit filename="/home/abe/Development/SuperAdvancePets/engine/pet_impl/7_boar_impl.c">
			<Option target="SuperAdvancePetsCLI"/>
		</Unit>
		<Unit filename="/home/abe/Development/SuperAdvancePets/engine/pet_impl/7_boar_impl.h">
			<Option target="SuperAdvancePetsCLI"/>
		</Unit>
		<Unit filename="/home/abe/Development/SuperAdvancePets/engine/pet_impl/8_bus_impl.h">
			<Option target="SuperAdvancePetsCLI"/>
		</Unit>
		<Unit filename="/home/abe/Development/SuperAdvancePets/engine/pet_impl/9_camel_impl.c">
			<Option target="SuperAdvancePetsCLI"/>
		</Unit>
		<Unit filename="/home/abe/Development/SuperAdvancePets/engine/pet_impl/9_camel_impl.h">
			<Option target="SuperAdvancePetsCLI"/>
		</Unit>
		<Unit filename="/home/abe/Development/SuperAdvancePets/engine/pets.h">
			<Option target="SuperAdvancePets"/>
			<Option target="SuperAdvancePetsCLI"/>
		</Unit>
		<Unit filename="/home/abe/Development/SuperAdvancePets/sprites/animals.h">
			<Option target="SuperAdvancePets"/>
			<Option target="SuperAdvancePetsCLI"/>
		</Unit>
		<Unit filename="/home/abe/Development/SuperAdvancePets/sprites/ant.c">
			<Option target="SuperAdvancePets"/>
			<Option target="SuperAdvancePetsCLI"/>
		</Unit>
		<Unit filename="/home/abe/Development/SuperAdvancePets/sprites/ant.h">
			<Option target="SuperAdvancePets"/>
			<Option target="SuperAdvancePetsCLI"/>
		</Unit>
		<Unit filename="/home/abe/Development/SuperAdvancePets/sprites/apple.c">
			<Option target="SuperAdvancePets"/>
			<Option target="SuperAdvancePetsCLI"/>
		</Unit>
		<Unit filename="/home/abe/Development/SuperAdvancePets/sprites/apple.h">
			<Option target="SuperAdvancePets"/>
			<Option target="SuperAdvancePetsCLI"/>
		</Unit>
		<Unit filename="/home/abe/Development/SuperAdvancePets/sprites/bad_rat.c">
			<Option target="SuperAdvancePets"/>
			<Option target="SuperAdvancePetsCLI"/>
		</Unit>
		<Unit filename="/home/abe/Development/SuperAdvancePets/sprites/bad_rat.h">
			<Option target="SuperAdvancePets"/>
			<Option target="SuperAdvancePetsCLI"/>
		</Unit>
		<Unit filename="/home/abe/Development/SuperAdvancePets/sprites/badger.c">
			<Option target="SuperAdvancePets"/>
			<Option target="SuperAdvancePetsCLI"/>
		</Unit>
		<Unit filename="/home/abe/Development/SuperAdvancePets/sprites/badger.h">
			<Option target="SuperAdvancePets"/>
			<Option target="SuperAdvancePetsCLI"/>
		</Unit>
		<Unit filename="/home/abe/Development/SuperAdvancePets/sprites/beaver.c">
			<Option target="SuperAdvancePets"/>
			<Option target="SuperAdvancePetsCLI"/>
		</Unit>
		<Unit filename="/home/abe/Development/SuperAdvancePets/sprites/beaver.h">
			<Option target="SuperAdvancePets"/>
			<Option target="SuperAdvancePetsCLI"/>
		</Unit>
		<Unit filename="/home/abe/Development/SuperAdvancePets/sprites/bee.c">
			<Option target="SuperAdvancePets"/>
			<Option target="SuperAdvancePetsCLI"/>
		</Unit>
		<Unit filename="/home/abe/Development/SuperAdvancePets/sprites/bee.h">
			<Option target="SuperAdvancePets"/>
			<Option target="SuperAdvancePetsCLI"/>
		</Unit>
		<Unit filename="/home/abe/Development/SuperAdvancePets/sprites/bg.c">
			<Option target="SuperAdvancePets"/>
			<Option target="SuperAdvancePetsCLI"/>
		</Unit>
		<Unit filename="/home/abe/Development/SuperAdvancePets/sprites/bg.h">
			<Option target="SuperAdvancePets"/>
			<Option target="SuperAdvancePetsCLI"/>
		</Unit>
		<Unit filename="/home/abe/Development/SuperAdvancePets/sprites/bison.c">
			<Option target="SuperAdvancePets"/>
			<Option target="SuperAdvancePetsCLI"/>
		</Unit>
		<Unit filename="/home/abe/Development/SuperAdvancePets/sprites/bison.h">
			<Option target="SuperAdvancePets"/>
			<Option target="SuperAdvancePetsCLI"/>
		</Unit>
		<Unit filename="/home/abe/Development/SuperAdvancePets/sprites/blowfish.c">
			<Option target="SuperAdvancePets"/>
			<Option target="SuperAdvancePetsCLI"/>
		</Unit>
		<Unit filename="/home/abe/Development/SuperAdvancePets/sprites/blowfish.h">
			<Option target="SuperAdvancePets"/>
			<Option target="SuperAdvancePetsCLI"/>
		</Unit>
		<Unit filename="/home/abe/Development/SuperAdvancePets/sprites/bus.c">
			<Option target="SuperAdvancePets"/>
			<Option target="SuperAdvancePetsCLI"/>
		</Unit>
		<Unit filename="/home/abe/Development/SuperAdvancePets/sprites/bus.h">
			<Option target="SuperAdvancePets"/>
			<Option target="SuperAdvancePetsCLI"/>
		</Unit>
		<Unit filename="/home/abe/Development/SuperAdvancePets/sprites/camel.c">
			<Option target="SuperAdvancePets"/>
			<Option target="SuperAdvancePetsCLI"/>
		</Unit>
		<Unit filename="/home/abe/Development/SuperAdvancePets/sprites/camel.h">
			<Option target="SuperAdvancePets"/>
			<Option target="SuperAdvancePetsCLI"/>
		</Unit>
		<Unit filename="/home/abe/Development/SuperAdvancePets/sprites/can.c">
			<Option target="SuperAdvancePets"/>
			<Option target="SuperAdvancePetsCLI"/>
		</Unit>
		<Unit filename="/home/abe/Development/SuperAdvancePets/sprites/can.h">
			<Option target="SuperAdvancePets"/>
			<Option target="SuperAdvancePetsCLI"/>
		</Unit>
		<Unit filename="/home/abe/Development/SuperAdvancePets/sprites/cat.c">
			<Option target="SuperAdvancePets"/>
			<Option target="SuperAdvancePetsCLI"/>
		</Unit>
		<Unit filename="/home/abe/Development/SuperAdvancePets/sprites/cat.h">
			<Option target="SuperAdvancePets"/>
			<Option target="SuperAdvancePetsCLI"/>
		</Unit>
		<Unit filename="/home/abe/Development/SuperAdvancePets/sprites/cheetah.c">
			<Option target="SuperAdvancePets"/>
			<Option target="SuperAdvancePetsCLI"/>
		</Unit>
		<Unit filename="/home/abe/Development/SuperAdvancePets/sprites/cheetah.h">
			<Option target="SuperAdvancePets"/>
			<Option target="SuperAdvancePetsCLI"/>
		</Unit>
		<Unit filename="/home/abe/Development/SuperAdvancePets/sprites/chick.c">
			<Option target="SuperAdvancePets"/>
			<Option target="SuperAdvancePetsCLI"/>
		</Unit>
		<Unit filename="/home/abe/Development/SuperAdvancePets/sprites/chick.h">
			<Option target="SuperAdvancePets"/>
			<Option target="SuperAdvancePetsCLI"/>
		</Unit>
		<Unit filename="/home/abe/Development/SuperAdvancePets/sprites/chocolate.c">
			<Option target="SuperAdvancePets"/>
			<Option target="SuperAdvancePetsCLI"/>
		</Unit>
		<Unit filename="/home/abe/Development/SuperAdvancePets/sprites/chocolate.h">
			<Option target="SuperAdvancePets"/>
			<Option target="SuperAdvancePetsCLI"/>
		</Unit>
		<Unit filename="/home/abe/Development/SuperAdvancePets/sprites/cow.c">
			<Option target="SuperAdvancePets"/>
			<Option target="SuperAdvancePetsCLI"/>
		</Unit>
		<Unit filename="/home/abe/Development/SuperAdvancePets/sprites/cow.h">
			<Option target="SuperAdvancePets"/>
			<Option target="SuperAdvancePetsCLI"/>
		</Unit>
		<Unit filename="/home/abe/Development/SuperAdvancePets/sprites/crab.c">
			<Option target="SuperAdvancePets"/>
			<Option target="SuperAdvancePetsCLI"/>
		</Unit>
		<Unit filename="/home/abe/Development/SuperAdvancePets/sprites/crab.h">
			<Option target="SuperAdvancePets"/>
			<Option target="SuperAdvancePetsCLI"/>
		</Unit>
		<Unit filename="/home/abe/Development/SuperAdvancePets/sprites/cricket.c">
			<Option target="SuperAdvancePets"/>
			<Option target="SuperAdvancePetsCLI"/>
		</Unit>
		<Unit filename="/home/abe/Development/SuperAdvancePets/sprites/cricket.h">
			<Option target="SuperAdvancePets"/>
			<Option target="SuperAdvancePetsCLI"/>
		</Unit>
		<Unit filename="/home/abe/Development/SuperAdvancePets/sprites/crocodile.c">
			<Option target="SuperAdvancePets"/>
			<Option target="SuperAdvancePetsCLI"/>
		</Unit>
		<Unit filename="/home/abe/Development/SuperAdvancePets/sprites/crocodile.h">
			<Option target="SuperAdvancePets"/>
			<Option target="SuperAdvancePetsCLI"/>
		</Unit>
		<Unit filename="/home/abe/Development/SuperAdvancePets/sprites/cupcake.c">
			<Option target="SuperAdvancePets"/>
			<Option target="SuperAdvancePetsCLI"/>
		</Unit>
		<Unit filename="/home/abe/Development/SuperAdvancePets/sprites/cupcake.h">
			<Option target="SuperAdvancePets"/>
			<Option target="SuperAdvancePetsCLI"/>
		</Unit>
		<Unit filename="/home/abe/Development/SuperAdvancePets/sprites/deer.c">
			<Option target="SuperAdvancePets"/>
			<Option target="SuperAdvancePetsCLI"/>
		</Unit>
		<Unit filename="/home/abe/Development/SuperAdvancePets/sprites/deer.h">
			<Option target="SuperAdvancePets"/>
			<Option target="SuperAdvancePetsCLI"/>
		</Unit>
		<Unit filename="/home/abe/Development/SuperAdvancePets/sprites/dodo.c">
			<Option target="SuperAdvancePets"/>
			<Option target="SuperAdvancePetsCLI"/>
		</Unit>
		<Unit filename="/home/abe/Development/SuperAdvancePets/sprites/dodo.h">
			<Option target="SuperAdvancePets"/>
			<Option target="SuperAdvancePetsCLI"/>
		</Unit>
		<Unit filename="/home/abe/Development/SuperAdvancePets/sprites/dog.c">
			<Option target="SuperAdvancePets"/>
			<Option target="SuperAdvancePetsCLI"/>
		</Unit>
		<Unit filename="/home/abe/Development/SuperAdvancePets/sprites/dog.h">
			<Option target="SuperAdvancePets"/>
			<Option target="SuperAdvancePetsCLI"/>
		</Unit>
		<Unit filename="/home/abe/Development/SuperAdvancePets/sprites/dolphin.c">
			<Option target="SuperAdvancePets"/>
			<Option target="SuperAdvancePetsCLI"/>
		</Unit>
		<Unit filename="/home/abe/Development/SuperAdvancePets/sprites/dolphin.h">
			<Option target="SuperAdvancePets"/>
			<Option target="SuperAdvancePetsCLI"/>
		</Unit>
		<Unit filename="/home/abe/Development/SuperAdvancePets/sprites/dragon.c">
			<Option target="SuperAdvancePets"/>
			<Option target="SuperAdvancePetsCLI"/>
		</Unit>
		<Unit filename="/home/abe/Development/SuperAdvancePets/sprites/dragon.h">
			<Option target="SuperAdvancePets"/>
			<Option target="SuperAdvancePetsCLI"/>
		</Unit>
		<Unit filename="/home/abe/Development/SuperAdvancePets/sprites/duck.c">
			<Option target="SuperAdvancePets"/>
			<Option target="SuperAdvancePetsCLI"/>
		</Unit>
		<Unit filename="/home/abe/Development/SuperAdvancePets/sprites/duck.h">
			<Option target="SuperAdvancePets"/>
			<Option target="SuperAdvancePetsCLI"/>
		</Unit>
		<Unit filename="/home/abe/Development/SuperAdvancePets/sprites/elephant.c">
			<Option target="SuperAdvancePets"/>
			<Option target="SuperAdvancePetsCLI"/>
		</Unit>
		<Unit filename="/home/abe/Development/SuperAdvancePets/sprites/elephant.h">
			<Option target="SuperAdvancePets"/>
			<Option target="SuperAdvancePetsCLI"/>
		</Unit>
		<Unit filename="/home/abe/Development/SuperAdvancePets/sprites/fish.c">
			<Option target="SuperAdvancePets"/>
			<Option target="SuperAdvancePetsCLI"/>
		</Unit>
		<Unit filename="/home/abe/Development/SuperAdvancePets/sprites/fish.h">
			<Option target="SuperAdvancePets"/>
			<Option target="SuperAdvancePetsCLI"/>
		</Unit>
		<Unit filename="/home/abe/Development/SuperAdvancePets/sprites/flamingo.c">
			<Option target="SuperAdvancePets"/>
			<Option target="SuperAdvancePetsCLI"/>
		</Unit>
		<Unit filename="/home/abe/Development/SuperAdvancePets/sprites/flamingo.h">
			<Option target="SuperAdvancePets"/>
			<Option target="SuperAdvancePetsCLI"/>
		</Unit>
		<Unit filename="/home/abe/Development/SuperAdvancePets/sprites/fly.c">
			<Option target="SuperAdvancePets"/>
			<Option target="SuperAdvancePetsCLI"/>
		</Unit>
		<Unit filename="/home/abe/Development/SuperAdvancePets/sprites/fly.h">
			<Option target="SuperAdvancePets"/>
			<Option target="SuperAdvancePetsCLI"/>
		</Unit>
		<Unit filename="/home/abe/Development/SuperAdvancePets/sprites/garlic.c">
			<Option target="SuperAdvancePets"/>
			<Option target="SuperAdvancePetsCLI"/>
		</Unit>
		<Unit filename="/home/abe/Development/SuperAdvancePets/sprites/garlic.h">
			<Option target="SuperAdvancePets"/>
			<Option target="SuperAdvancePetsCLI"/>
		</Unit>
		<Unit filename="/home/abe/Development/SuperAdvancePets/sprites/gorilla.c">
			<Option target="SuperAdvancePets"/>
			<Option target="SuperAdvancePetsCLI"/>
		</Unit>
		<Unit filename="/home/abe/Development/SuperAdvancePets/sprites/gorilla.h">
			<Option target="SuperAdvancePets"/>
			<Option target="SuperAdvancePetsCLI"/>
		</Unit>
		<Unit filename="/home/abe/Development/SuperAdvancePets/sprites/hedgehog.c">
			<Option target="SuperAdvancePets"/>
			<Option target="SuperAdvancePetsCLI"/>
		</Unit>
		<Unit filename="/home/abe/Development/SuperAdvancePets/sprites/hedgehog.h">
			<Option target="SuperAdvancePets"/>
			<Option target="SuperAdvancePetsCLI"/>
		</Unit>
		<Unit filename="/home/abe/Development/SuperAdvancePets/sprites/hog.c">
			<Option target="SuperAdvancePets"/>
			<Option target="SuperAdvancePetsCLI"/>
		</Unit>
		<Unit filename="/home/abe/Development/SuperAdvancePets/sprites/hog.h">
			<Option target="SuperAdvancePets"/>
			<Option target="SuperAdvancePetsCLI"/>
		</Unit>
		<Unit filename="/home/abe/Development/SuperAdvancePets/sprites/honey.c">
			<Option target="SuperAdvancePets"/>
			<Option target="SuperAdvancePetsCLI"/>
		</Unit>
		<Unit filename="/home/abe/Development/SuperAdvancePets/sprites/honey.h">
			<Option target="SuperAdvancePets"/>
			<Option target="SuperAdvancePetsCLI"/>
		</Unit>
		<Unit filename="/home/abe/Development/SuperAdvancePets/sprites/horse.c">
			<Option target="SuperAdvancePets"/>
			<Option target="SuperAdvancePetsCLI"/>
		</Unit>
		<Unit filename="/home/abe/Development/SuperAdvancePets/sprites/horse.h">
			<Option target="SuperAdvancePets"/>
			<Option target="SuperAdvancePetsCLI"/>
		</Unit>
		<Unit filename="/home/abe/Development/SuperAdvancePets/sprites/kangaroo.c">
			<Option target="SuperAdvancePets"/>
			<Option target="SuperAdvancePetsCLI"/>
		</Unit>
		<Unit filename="/home/abe/Development/SuperAdvancePets/sprites/kangaroo.h">
			<Option target="SuperAdvancePets"/>
			<Option target="SuperAdvancePetsCLI"/>
		</Unit>
		<Unit filename="/home/abe/Development/SuperAdvancePets/sprites/mammoth.c">
			<Option target="SuperAdvancePets"/>
			<Option target="SuperAdvancePetsCLI"/>
		</Unit>
		<Unit filename="/home/abe/Development/SuperAdvancePets/sprites/mammoth.h">
			<Option target="SuperAdvancePets"/>
			<Option target="SuperAdvancePetsCLI"/>
		</Unit>
		<Unit filename="/home/abe/Development/SuperAdvancePets/sprites/meat.c">
			<Option target="SuperAdvancePets"/>
			<Option target="SuperAdvancePetsCLI"/>
		</Unit>
		<Unit filename="/home/abe/Development/SuperAdvancePets/sprites/meat.h">
			<Option target="SuperAdvancePets"/>
			<Option target="SuperAdvancePetsCLI"/>
		</Unit>
		<Unit filename="/home/abe/Development/SuperAdvancePets/sprites/melon.c">
			<Option target="SuperAdvancePets"/>
			<Option target="SuperAdvancePetsCLI"/>
		</Unit>
		<Unit filename="/home/abe/Development/SuperAdvancePets/sprites/melon.h">
			<Option target="SuperAdvancePets"/>
			<Option target="SuperAdvancePetsCLI"/>
		</Unit>
		<Unit filename="/home/abe/Development/SuperAdvancePets/sprites/milk.c">
			<Option target="SuperAdvancePets"/>
			<Option target="SuperAdvancePetsCLI"/>
		</Unit>
		<Unit filename="/home/abe/Development/SuperAdvancePets/sprites/milk.h">
			<Option target="SuperAdvancePets"/>
			<Option target="SuperAdvancePetsCLI"/>
		</Unit>
		<Unit filename="/home/abe/Development/SuperAdvancePets/sprites/monkey.c">
			<Option target="SuperAdvancePets"/>
			<Option target="SuperAdvancePetsCLI"/>
		</Unit>
		<Unit filename="/home/abe/Development/SuperAdvancePets/sprites/monkey.h">
			<Option target="SuperAdvancePets"/>
			<Option target="SuperAdvancePetsCLI"/>
		</Unit>
		<Unit filename="/home/abe/Development/SuperAdvancePets/sprites/mosquito.c">
			<Option target="SuperAdvancePets"/>
			<Option target="SuperAdvancePetsCLI"/>
		</Unit>
		<Unit filename="/home/abe/Development/SuperAdvancePets/sprites/mosquito.h">
			<Option target="SuperAdvancePets"/>
			<Option target="SuperAdvancePetsCLI"/>
		</Unit>
		<Unit filename="/home/abe/Development/SuperAdvancePets/sprites/mushroom.c">
			<Option target="SuperAdvancePets"/>
			<Option target="SuperAdvancePetsCLI"/>
		</Unit>
		<Unit filename="/home/abe/Development/SuperAdvancePets/sprites/mushroom.h">
			<Option target="SuperAdvancePets"/>
			<Option target="SuperAdvancePetsCLI"/>
		</Unit>
		<Unit filename="/home/abe/Development/SuperAdvancePets/sprites/otter.c">
			<Option target="SuperAdvancePets"/>
			<Option target="SuperAdvancePetsCLI"/>
		</Unit>
		<Unit filename="/home/abe/Development/SuperAdvancePets/sprites/otter.h">
			<Option target="SuperAdvancePets"/>
			<Option target="SuperAdvancePetsCLI"/>
		</Unit>
		<Unit filename="/home/abe/Development/SuperAdvancePets/sprites/oxen.c">
			<Option target="SuperAdvancePets"/>
			<Option target="SuperAdvancePetsCLI"/>
		</Unit>
		<Unit filename="/home/abe/Development/SuperAdvancePets/sprites/oxen.h">
			<Option target="SuperAdvancePets"/>
			<Option target="SuperAdvancePetsCLI"/>
		</Unit>
		<Unit filename="/home/abe/Development/SuperAdvancePets/sprites/parrot.c">
			<Option target="SuperAdvancePets"/>
			<Option target="SuperAdvancePetsCLI"/>
		</Unit>
		<Unit filename="/home/abe/Development/SuperAdvancePets/sprites/parrot.h">
			<Option target="SuperAdvancePets"/>
			<Option target="SuperAdvancePetsCLI"/>
		</Unit>
		<Unit filename="/home/abe/Development/SuperAdvancePets/sprites/peacock.c">
			<Option target="SuperAdvancePets"/>
			<Option target="SuperAdvancePetsCLI"/>
		</Unit>
		<Unit filename="/home/abe/Development/SuperAdvancePets/sprites/peacock.h">
			<Option target="SuperAdvancePets"/>
			<Option target="SuperAdvancePetsCLI"/>
		</Unit>
		<Unit filename="/home/abe/Development/SuperAdvancePets/sprites/pear.c">
			<Option target="SuperAdvancePets"/>
			<Option target="SuperAdvancePetsCLI"/>
		</Unit>
		<Unit filename="/home/abe/Development/SuperAdvancePets/sprites/pear.h">
			<Option target="SuperAdvancePets"/>
			<Option target="SuperAdvancePetsCLI"/>
		</Unit>
		<Unit filename="/home/abe/Development/SuperAdvancePets/sprites/penguin.c">
			<Option target="SuperAdvancePets"/>
			<Option target="SuperAdvancePetsCLI"/>
		</Unit>
		<Unit filename="/home/abe/Development/SuperAdvancePets/sprites/penguin.h">
			<Option target="SuperAdvancePets"/>
			<Option target="SuperAdvancePetsCLI"/>
		</Unit>
		<Unit filename="/home/abe/Development/SuperAdvancePets/sprites/pepper.c">
			<Option target="SuperAdvancePets"/>
			<Option target="SuperAdvancePetsCLI"/>
		</Unit>
		<Unit filename="/home/abe/Development/SuperAdvancePets/sprites/pepper.h">
			<Option target="SuperAdvancePets"/>
			<Option target="SuperAdvancePetsCLI"/>
		</Unit>
		<Unit filename="/home/abe/Development/SuperAdvancePets/sprites/pig.c">
			<Option target="SuperAdvancePets"/>
			<Option target="SuperAdvancePetsCLI"/>
		</Unit>
		<Unit filename="/home/abe/Development/SuperAdvancePets/sprites/pig.h">
			<Option target="SuperAdvancePets"/>
			<Option target="SuperAdvancePetsCLI"/>
		</Unit>
		<Unit filename="/home/abe/Development/SuperAdvancePets/sprites/pill.c">
			<Option target="SuperAdvancePets"/>
			<Option target="SuperAdvancePetsCLI"/>
		</Unit>
		<Unit filename="/home/abe/Development/SuperAdvancePets/sprites/pill.h">
			<Option target="SuperAdvancePets"/>
			<Option target="SuperAdvancePetsCLI"/>
		</Unit>
		<Unit filename="/home/abe/Development/SuperAdvancePets/sprites/pizza.c">
			<Option target="SuperAdvancePets"/>
			<Option target="SuperAdvancePetsCLI"/>
		</Unit>
		<Unit filename="/home/abe/Development/SuperAdvancePets/sprites/pizza.h">
			<Option target="SuperAdvancePets"/>
			<Option target="SuperAdvancePetsCLI"/>
		</Unit>
		<Unit filename="/home/abe/Development/SuperAdvancePets/sprites/rabbit.c">
			<Option target="SuperAdvancePets"/>
			<Option target="SuperAdvancePetsCLI"/>
		</Unit>
		<Unit filename="/home/abe/Development/SuperAdvancePets/sprites/rabbit.h">
			<Option target="SuperAdvancePets"/>
			<Option target="SuperAdvancePetsCLI"/>
		</Unit>
		<Unit filename="/home/abe/Development/SuperAdvancePets/sprites/ram.c">
			<Option target="SuperAdvancePets"/>
			<Option target="SuperAdvancePetsCLI"/>
		</Unit>
		<Unit filename="/home/abe/Development/SuperAdvancePets/sprites/ram.h">
			<Option target="SuperAdvancePets"/>
			<Option target="SuperAdvancePetsCLI"/>
		</Unit>
		<Unit filename="/home/abe/Development/SuperAdvancePets/sprites/rat.c">
			<Option target="SuperAdvancePets"/>
			<Option target="SuperAdvancePetsCLI"/>
		</Unit>
		<Unit filename="/home/abe/Development/SuperAdvancePets/sprites/rat.h">
			<Option target="SuperAdvancePets"/>
			<Option target="SuperAdvancePetsCLI"/>
		</Unit>
		<Unit filename="/home/abe/Development/SuperAdvancePets/sprites/rhino.c">
			<Option target="SuperAdvancePets"/>
			<Option target="SuperAdvancePetsCLI"/>
		</Unit>
		<Unit filename="/home/abe/Development/SuperAdvancePets/sprites/rhino.h">
			<Option target="SuperAdvancePets"/>
			<Option target="SuperAdvancePetsCLI"/>
		</Unit>
		<Unit filename="/home/abe/Development/SuperAdvancePets/sprites/rooster.c">
			<Option target="SuperAdvancePets"/>
			<Option target="SuperAdvancePetsCLI"/>
		</Unit>
		<Unit filename="/home/abe/Development/SuperAdvancePets/sprites/rooster.h">
			<Option target="SuperAdvancePets"/>
			<Option target="SuperAdvancePetsCLI"/>
		</Unit>
		<Unit filename="/home/abe/Development/SuperAdvancePets/sprites/salad.c">
			<Option target="SuperAdvancePets"/>
			<Option target="SuperAdvancePetsCLI"/>
		</Unit>
		<Unit filename="/home/abe/Development/SuperAdvancePets/sprites/salad.h">
			<Option target="SuperAdvancePets"/>
			<Option target="SuperAdvancePetsCLI"/>
		</Unit>
		<Unit filename="/home/abe/Development/SuperAdvancePets/sprites/scorpion.c">
			<Option target="SuperAdvancePets"/>
			<Option target="SuperAdvancePetsCLI"/>
		</Unit>
		<Unit filename="/home/abe/Development/SuperAdvancePets/sprites/scorpion.h">
			<Option target="SuperAdvancePets"/>
			<Option target="SuperAdvancePetsCLI"/>
		</Unit>
		<Unit filename="/home/abe/Development/SuperAdvancePets/sprites/seal.c">
			<Option target="SuperAdvancePets"/>
			<Option target="SuperAdvancePetsCLI"/>
		</Unit>
		<Unit filename="/home/abe/Development/SuperAdvancePets/sprites/seal.h">
			<Option target="SuperAdvancePets"/>
			<Option target="SuperAdvancePetsCLI"/>
		</Unit>
		<Unit filename="/home/abe/Development/SuperAdvancePets/sprites/shark.c">
			<Option target="SuperAdvancePets"/>
			<Option target="SuperAdvancePetsCLI"/>
		</Unit>
		<Unit filename="/home/abe/Development/SuperAdvancePets/sprites/shark.h">
			<Option target="SuperAdvancePets"/>
			<Option target="SuperAdvancePetsCLI"/>
		</Unit>
		<Unit filename="/home/abe/Development/SuperAdvancePets/sprites/sheep.c">
			<Option target="SuperAdvancePets"/>
			<Option target="SuperAdvancePetsCLI"/>
		</Unit>
		<Unit filename="/home/abe/Development/SuperAdvancePets/sprites/sheep.h">
			<Option target="SuperAdvancePets"/>
			<Option target="SuperAdvancePetsCLI"/>
		</Unit>
		<Unit filename="/home/abe/Development/SuperAdvancePets/sprites/shrimp.c">
			<Option target="SuperAdvancePets"/>
			<Option target="SuperAdvancePetsCLI"/>
		</Unit>
		<Unit filename="/home/abe/Development/SuperAdvancePets/sprites/shrimp.h">
			<Option target="SuperAdvancePets"/>
			<Option target="SuperAdvancePetsCLI"/>
		</Unit>
		<Unit filename="/home/abe/Development/SuperAdvancePets/sprites/skunk.c">
			<Option target="SuperAdvancePets"/>
			<Option target="SuperAdvancePetsCLI"/>
		</Unit>
		<Unit filename="/home/abe/Development/SuperAdvancePets/sprites/skunk.h">
			<Option target="SuperAdvancePets"/>
			<Option target="SuperAdvancePetsCLI"/>
		</Unit>
		<Unit filename="/home/abe/Development/SuperAdvancePets/sprites/sloth.c">
			<Option target="SuperAdvancePets"/>
			<Option target="SuperAdvancePetsCLI"/>
		</Unit>
		<Unit filename="/home/abe/Development/SuperAdvancePets/sprites/sloth.h">
			<Option target="SuperAdvancePets"/>
			<Option target="SuperAdvancePetsCLI"/>
		</Unit>
		<Unit filename="/home/abe/Development/SuperAdvancePets/sprites/snail.c">
			<Option target="SuperAdvancePets"/>
			<Option target="SuperAdvancePetsCLI"/>
		</Unit>
		<Unit filename="/home/abe/Development/SuperAdvancePets/sprites/snail.h">
			<Option target="SuperAdvancePets"/>
			<Option target="SuperAdvancePetsCLI"/>
		</Unit>
		<Unit filename="/home/abe/Development/SuperAdvancePets/sprites/snake.c">
			<Option target="SuperAdvancePets"/>
			<Option target="SuperAdvancePetsCLI"/>
		</Unit>
		<Unit filename="/home/abe/Development/SuperAdvancePets/sprites/snake.h">
			<Option target="SuperAdvancePets"/>
			<Option target="SuperAdvancePetsCLI"/>
		</Unit>
		<Unit filename="/home/abe/Development/SuperAdvancePets/sprites/spider.c">
			<Option target="SuperAdvancePets"/>
			<Option target="SuperAdvancePetsCLI"/>
		</Unit>
		<Unit filename="/home/abe/Development/SuperAdvancePets/sprites/spider.h">
			<Option target="SuperAdvancePets"/>
			<Option target="SuperAdvancePetsCLI"/>
		</Unit>
		<Unit filename="/home/abe/Development/SuperAdvancePets/sprites/sprites.c">
			<Option target="SuperAdvancePets"/>
			<Option target="SuperAdvancePetsCLI"/>
		</Unit>
		<Unit filename="/home/abe/Development/SuperAdvancePets/sprites/sprites.h">
			<Option target="SuperAdvancePets"/>
			<Option target="SuperAdvancePetsCLI"/>
		</Unit>
		<Unit filename="/home/abe/Development/SuperAdvancePets/sprites/squirrel.c">
			<Option target="SuperAdvancePets"/>
			<Option target="SuperAdvancePetsCLI"/>
		</Unit>
		<Unit filename="/home/abe/Development/SuperAdvancePets/sprites/squirrel.h">
			<Option target="SuperAdvancePets"/>
			<Option target="SuperAdvancePetsCLI"/>
		</Unit>
		<Unit filename="/home/abe/Development/SuperAdvancePets/sprites/steak.c">
			<Option target="SuperAdvancePets"/>
			<Option target="SuperAdvancePetsCLI"/>
		</Unit>
		<Unit filename="/home/abe/Development/SuperAdvancePets/sprites/steak.h">
			<Option target="SuperAdvancePets"/>
			<Option target="SuperAdvancePetsCLI"/>
		</Unit>
		<Unit filename="/home/abe/Development/SuperAdvancePets/sprites/sushi.c">
			<Option target="SuperAdvancePets"/>
			<Option target="SuperAdvancePetsCLI"/>
		</Unit>
		<Unit filename="/home/abe/Development/SuperAdvancePets/sprites/sushi.h">
			<Option target="SuperAdvancePets"/>
			<Option target="SuperAdvancePetsCLI"/>
		</Unit>
		<Unit filename="/home/abe/Development/SuperAdvancePets/sprites/swan.c">
			<Option target="SuperAdvancePets"/>
			<Option target="SuperAdvancePetsCLI"/>
		</Unit>
		<Unit filename="/home/abe/Development/SuperAdvancePets/sprites/swan.h">
			<Option target="SuperAdvancePets"/>
			<Option target="SuperAdvancePetsCLI"/>
		</Unit>
		<Unit filename="/home/abe/Development/SuperAdvancePets/sprites/tiger.c">
			<Option target="SuperAdvancePets"/>
			<Option target="SuperAdvancePetsCLI"/>
		</Unit>
		<Unit filename="/home/abe/Development/SuperAdvancePets/sprites/tiger.h">
			<Option target="SuperAdvancePets"/>
			<Option target="SuperAdvancePetsCLI"/>
		</Unit>
		<Unit filename="/home/abe/Development/SuperAdvancePets/sprites/turkey.c">
			<Option target="SuperAdvancePets"/>
			<Option target="SuperAdvancePetsCLI"/>
		</Unit>
		<Unit filename="/home/abe/Development/SuperAdvancePets/sprites/turkey.h">
			<Option target="SuperAdvancePets"/>
			<Option target="SuperAdvancePetsCLI"/>
		</Unit>
		<Unit filename="/home/abe/Development/SuperAdvancePets/sprites/turtle.c">
			<Option target="SuperAdvancePets"/>
			<Option target="SuperAdvancePetsCLI"/>
		</Unit>
		<Unit filename="/home/abe/Development/SuperAdvancePets/sprites/turtle.h">
			<Option target="SuperAdvancePets"/>
			<Option target="SuperAdvancePetsCLI"/>
		</Unit>
		<Unit filename="/home/abe/Development/SuperAdvancePets/sprites/whale.c">
			<Option target="SuperAdvancePets"/>
			<Option target="SuperAdvancePetsCLI"/>
		</Unit>
		<Unit filename="/home/abe/Development/SuperAdvancePets/sprites/whale.h">
			<Option target="SuperAdvancePets"/>
			<Option target="SuperAdvancePetsCLI"/>
		</Unit>
		<Unit filename="/home/abe/Development/SuperAdvancePets/sprites/worm.c">
			<Option target="SuperAdvancePets"/>
			<Option target="SuperAdvancePetsCLI"/>
		</Unit>
		<Unit filename="/home/abe/Development/SuperAdvancePets/sprites/worm.h">
			<Option target="SuperAdvancePets"/>
			<Option target="SuperAdvancePetsCLI"/>
		</Unit>
		<Unit filename="/home/abe/Development/SuperAdvancePets/sprites/zombie_cricket.c">
			<Option target="SuperAdvancePets"/>
			<Option target="SuperAdvancePetsCLI"/>
		</Unit>
		<Unit filename="/home/abe/Development/SuperAdvancePets/sprites/zombie_cricket.h">
			<Option target="SuperAdvancePets"/>
			<Option target="SuperAdvancePetsCLI"/>
		</Unit>
		<Unit filename="/home/abe/Development/SuperAdvancePets/sprites/zombie_fly.c">
			<Option target="SuperAdvancePets"/>
			<Option target="SuperAdvancePetsCLI"/>
		</Unit>
		<Unit filename="/home/abe/Development/SuperAdvancePets/sprites/zombie_fly.h">
			<Option target="SuperAdvancePets"/>
			<Option target="SuperAdvancePetsCLI"/>
		</Unit>
		<Unit filename="/home/abe/Development/SuperAdvancePets/src/animations.h">
			<Option target="SuperAdvancePetsCLI"/>
		</Unit>
		<Unit filename="/home/abe/Development/SuperAdvancePets/src/sap.c">
			<Option target="SuperAdvancePets"/>
		</Unit>
		<Unit filename="/home/abe/Development/SuperAdvancePets/stubs/animations.c">
			<Option target="SuperAdvancePetsCLI"/>
		</Unit>
		<Unit filename="/opt/devkitpro/libtonc/include/tonc.h">
			<Option target="SuperAdvancePets"/>
		</Unit>
		<Unit filename="/home/abe/Development/SuperAdvancePets/CMakeLists.txt">
			<Option virtualFolder="CMake Files\"/>
		</Unit>
	</Project>
</CodeBlocks_project_file>
